PODS:
  - Alamofire (4.5.0)
  - AlamofireImage (3.2.0):
    - Alamofire (~> 4.1)
  - AlamofireNetworkActivityIndicator (2.2.0):
    - Alamofire (~> 4.5)
  - AlamofireObjectMapper (4.1.0):
    - Alamofire (~> 4.1)
    - ObjectMapper (~> 2.0)
  - DateTools (2.0.0)
  - KeychainAccess (3.0.2)
  - Masonry (1.0.2)
  - ObjectMapper (2.2.7)
  - PKHUD (4.2.3)
  - pop (1.0.10)
  - SlideMenuControllerSwift (3.0.1)
  - UrbanAirship-iOS-SDK (8.3.3)

DEPENDENCIES:
  - Alamofire
  - AlamofireImage (~> 3.1)
  - AlamofireNetworkActivityIndicator (~> 2.2)
  - AlamofireObjectMapper (~> 4.0)
  - DateTools
  - KeychainAccess
  - Masonry
  - PKHUD (~> 4.0)
  - pop (~> 1.0)
  - SlideMenuControllerSwift
  - UrbanAirship-iOS-SDK

SPEC CHECKSUMS:
  Alamofire: f28cdffd29de33a7bfa022cbd63ae95a27fae140
  AlamofireImage: 157ed682cc81d3b9db4fb90c1f12180ac552d93b
  AlamofireNetworkActivityIndicator: 81e1630e7cfed22a4e4e82a174c59e651dc4f8ca
  AlamofireObjectMapper: 435adc82f5b367679bd9e71c4974a54efd0b2521
  DateTools: 933ac9c490f21f92127cf690ccd8c397e0126caf
  KeychainAccess: a986406022dfc7c634c691ad3bec670cc6a32002
  Masonry: 7c429b56da9d4ee0bbb3ed77a5ea710d6a5df39e
  ObjectMapper: 65abcfd9a61cf7396cbd14a4fb22fddfcc46577e
  PKHUD: c7692163a09875cbf15827dc581df3c5cf7f1015
  pop: 82ca6b068ce9278fd350fd9dd09482a0ce9492e6
  SlideMenuControllerSwift: 9a163b16d54afab734add42858cba7ef7c307755
  UrbanAirship-iOS-SDK: 51a0deb935d0be5905473654316ad1b6f09f3353

PODFILE CHECKSUM: 298769125de7a3655c5dcc9381cea710a17cfd45

COCOAPODS: 1.2.1
