// !$*UTF8*$!
{
	archiveVersion = 1;
	classes = {
	};
	objectVersion = 46;
	objects = {

/* Begin PBXBuildFile section */
		17001A051F0AC15B00BF44BD /* UIView+Extension.swift in Sources */ = {isa = PBXBuildFile; fileRef = 17001A041F0AC15B00BF44BD /* UIView+Extension.swift */; };
		17001A0D1F0ADB3B00BF44BD /* CustomTableViewCell.swift in Sources */ = {isa = PBXBuildFile; fileRef = 17001A0C1F0ADB3B00BF44BD /* CustomTableViewCell.swift */; };
		17001A101F0ADC2C00BF44BD /* ProfileCell.xib in Resources */ = {isa = PBXBuildFile; fileRef = 17001A0F1F0ADC2C00BF44BD /* ProfileCell.xib */; };
		17001A121F0ADC5800BF44BD /* ProfileCell.swift in Sources */ = {isa = PBXBuildFile; fileRef = 17001A111F0ADC5800BF44BD /* ProfileCell.swift */; };
		17001A141F0B2B9800BF44BD /* RegisterAvatar.swift in Sources */ = {isa = PBXBuildFile; fileRef = 17001A131F0B2B9800BF44BD /* RegisterAvatar.swift */; };
		170104511EC0232C002E6767 /* ApiRouter.swift in Sources */ = {isa = PBXBuildFile; fileRef = 170104501EC0232C002E6767 /* ApiRouter.swift */; };
		170104531EC02398002E6767 /* Config.swift in Sources */ = {isa = PBXBuildFile; fileRef = 170104521EC02398002E6767 /* Config.swift */; };
		170104551EC2A8CC002E6767 /* ConfigurationParameters.swift in Sources */ = {isa = PBXBuildFile; fileRef = 170104541EC2A8CC002E6767 /* ConfigurationParameters.swift */; };
		170104581EC2BAC3002E6767 /* Platform.swift in Sources */ = {isa = PBXBuildFile; fileRef = 170104571EC2BAC3002E6767 /* Platform.swift */; };
		1701045A1EC2BC80002E6767 /* Console.swift in Sources */ = {isa = PBXBuildFile; fileRef = 170104591EC2BC80002E6767 /* Console.swift */; };
		1701045C1EC2BC91002E6767 /* Game.swift in Sources */ = {isa = PBXBuildFile; fileRef = 1701045B1EC2BC91002E6767 /* Game.swift */; };
		1701045E1EC2C01C002E6767 /* ApiManager.swift in Sources */ = {isa = PBXBuildFile; fileRef = 1701045D1EC2C01C002E6767 /* ApiManager.swift */; };
		17297FCF1EFA20B100E2FCE4 /* LoginManager.swift in Sources */ = {isa = PBXBuildFile; fileRef = 17297FCE1EFA20B100E2FCE4 /* LoginManager.swift */; };
		17297FD11EFA25F300E2FCE4 /* LoginModel.swift in Sources */ = {isa = PBXBuildFile; fileRef = 17297FD01EFA25F300E2FCE4 /* LoginModel.swift */; };
		173419291EC5676D003B2909 /* User.swift in Sources */ = {isa = PBXBuildFile; fileRef = 173419281EC5676D003B2909 /* User.swift */; };
		1734192B1EC568FD003B2909 /* Model.swift in Sources */ = {isa = PBXBuildFile; fileRef = 1734192A1EC568FD003B2909 /* Model.swift */; };
		17363C8F1EF1FBA6006888EE /* FormViewController.swift in Sources */ = {isa = PBXBuildFile; fileRef = 17363C8E1EF1FBA6006888EE /* FormViewController.swift */; };
		17363C911EF20211006888EE /* InputFormManager.swift in Sources */ = {isa = PBXBuildFile; fileRef = 17363C901EF20211006888EE /* InputFormManager.swift */; };
		17363C931EF3A4D2006888EE /* TextField.swift in Sources */ = {isa = PBXBuildFile; fileRef = 17363C921EF3A4D2006888EE /* TextField.swift */; };
		17363C951EF3B3A4006888EE /* Utils.swift in Sources */ = {isa = PBXBuildFile; fileRef = 17363C941EF3B3A4006888EE /* Utils.swift */; };
		173999FC1EFCB0AD00B72EFB /* RegisterModel.swift in Sources */ = {isa = PBXBuildFile; fileRef = 173999FB1EFCB0AD00B72EFB /* RegisterModel.swift */; };
		173999FF1EFF1FB800B72EFB /* CarouselViewController.swift in Sources */ = {isa = PBXBuildFile; fileRef = 173999FE1EFF1FB800B72EFB /* CarouselViewController.swift */; };
		17399A081F00295200B72EFB /* iCarousel.m in Sources */ = {isa = PBXBuildFile; fileRef = 17399A061F00295200B72EFB /* iCarousel.m */; };
		17399A091F00295200B72EFB /* Info.plist in Resources */ = {isa = PBXBuildFile; fileRef = 17399A071F00295200B72EFB /* Info.plist */; };
		17399A0C1F003CA200B72EFB /* ChooseConsoleViewController.swift in Sources */ = {isa = PBXBuildFile; fileRef = 17399A0B1F003CA200B72EFB /* ChooseConsoleViewController.swift */; };
		17399A0E1F003D0900B72EFB /* ChooseConsoleViewController.xib in Resources */ = {isa = PBXBuildFile; fileRef = 17399A0D1F003D0900B72EFB /* ChooseConsoleViewController.xib */; };
		17399A121F03616100B72EFB /* Array+Utils.swift in Sources */ = {isa = PBXBuildFile; fileRef = 17399A111F03616100B72EFB /* Array+Utils.swift */; };
		17399A141F0367AD00B72EFB /* UIFont+Utils.swift in Sources */ = {isa = PBXBuildFile; fileRef = 17399A131F0367AD00B72EFB /* UIFont+Utils.swift */; };
		17399A241F04A4B200B72EFB /* LocalDataManager.swift in Sources */ = {isa = PBXBuildFile; fileRef = 17399A231F04A4B200B72EFB /* LocalDataManager.swift */; };
		17399A261F04A7F600B72EFB /* UserDefaults+Extension.swift in Sources */ = {isa = PBXBuildFile; fileRef = 17399A251F04A7F600B72EFB /* UserDefaults+Extension.swift */; };
		17399A291F04C11F00B72EFB /* ChooseGameViewController.swift in Sources */ = {isa = PBXBuildFile; fileRef = 17399A281F04C11F00B72EFB /* ChooseGameViewController.swift */; };
		17399A2B1F04C14800B72EFB /* ChooseGameViewController.xib in Resources */ = {isa = PBXBuildFile; fileRef = 17399A2A1F04C14800B72EFB /* ChooseGameViewController.xib */; };
		17399A2C1F09A92E00B72EFB /* BEBAS___.TTF in Resources */ = {isa = PBXBuildFile; fileRef = 17399A181F03696300B72EFB /* BEBAS___.TTF */; };
		17399A3C1F09D17C00B72EFB /* BebasNeue Book.ttf in Resources */ = {isa = PBXBuildFile; fileRef = 17399A371F09CF6000B72EFB /* BebasNeue Book.ttf */; };
		17399A3D1F09D17F00B72EFB /* BebasNeue Light.otf in Resources */ = {isa = PBXBuildFile; fileRef = 17399A381F09CF6000B72EFB /* BebasNeue Light.otf */; };
		17399A3E1F09D18300B72EFB /* BebasNeue Regular.ttf in Resources */ = {isa = PBXBuildFile; fileRef = 17399A391F09CF6000B72EFB /* BebasNeue Regular.ttf */; };
		17399A3F1F09D18700B72EFB /* BebasNeue Thin.ttf in Resources */ = {isa = PBXBuildFile; fileRef = 17399A3A1F09CF6000B72EFB /* BebasNeue Thin.ttf */; };
		17399A401F09D18C00B72EFB /* BebasNeue-Bold.ttf in Resources */ = {isa = PBXBuildFile; fileRef = 17399A3B1F09CF6000B72EFB /* BebasNeue-Bold.ttf */; };
		17399A421F0A015F00B72EFB /* SessionDataManager.swift in Sources */ = {isa = PBXBuildFile; fileRef = 17399A411F0A015F00B72EFB /* SessionDataManager.swift */; };
		17399A451F0AB00F00B72EFB /* ProfileViewController.swift in Sources */ = {isa = PBXBuildFile; fileRef = 17399A441F0AB00F00B72EFB /* ProfileViewController.swift */; };
		17399A471F0AB05B00B72EFB /* ProfileViewController.xib in Resources */ = {isa = PBXBuildFile; fileRef = 17399A461F0AB05B00B72EFB /* ProfileViewController.xib */; };
		173BDE7C1F12D9C60050D179 /* Preferences.swift in Sources */ = {isa = PBXBuildFile; fileRef = 173BDE7B1F12D9C60050D179 /* Preferences.swift */; };
		1783C4141F3ABA280065D797 /* PlayersListViewController.swift in Sources */ = {isa = PBXBuildFile; fileRef = 1783C4131F3ABA280065D797 /* PlayersListViewController.swift */; };
		1783C4161F3ABAE80065D797 /* PlayersListViewController.xib in Resources */ = {isa = PBXBuildFile; fileRef = 1783C4151F3ABAE80065D797 /* PlayersListViewController.xib */; };
		1783C41B1F3ABE100065D797 /* PlayersListCell.swift in Sources */ = {isa = PBXBuildFile; fileRef = 1783C41A1F3ABE100065D797 /* PlayersListCell.swift */; };
		1783C41D1F3ABE760065D797 /* PlayersListCell.xib in Resources */ = {isa = PBXBuildFile; fileRef = 1783C41C1F3ABE760065D797 /* PlayersListCell.xib */; };
		1783C41F1F3AC49F0065D797 /* PlayersModel.swift in Sources */ = {isa = PBXBuildFile; fileRef = 1783C41E1F3AC49F0065D797 /* PlayersModel.swift */; };
		179961541EF61BCC00853DB7 /* FieldValidations.swift in Sources */ = {isa = PBXBuildFile; fileRef = 179961531EF61BCC00853DB7 /* FieldValidations.swift */; };
		179961571EF6292A00853DB7 /* String+Utils.swift in Sources */ = {isa = PBXBuildFile; fileRef = 179961561EF6292A00853DB7 /* String+Utils.swift */; };
		1799615A1EF6DAB600853DB7 /* LoginViewController.swift in Sources */ = {isa = PBXBuildFile; fileRef = 179961591EF6DAB600853DB7 /* LoginViewController.swift */; };
		17BFB0511EF6ED36002A994E /* LoginViewController.xib in Resources */ = {isa = PBXBuildFile; fileRef = 17BFB0501EF6ED36002A994E /* LoginViewController.xib */; };
		17BFB0541EF762A3002A994E /* Constants.swift in Sources */ = {isa = PBXBuildFile; fileRef = 17BFB0531EF762A3002A994E /* Constants.swift */; };
		17BFB0561EF8377F002A994E /* UIViewController+Utils.swift in Sources */ = {isa = PBXBuildFile; fileRef = 17BFB0551EF8377F002A994E /* UIViewController+Utils.swift */; };
		17BFB0581EF838C0002A994E /* Error.swift in Sources */ = {isa = PBXBuildFile; fileRef = 17BFB0571EF838C0002A994E /* Error.swift */; };
		17BFB05B1EF86104002A994E /* RegisterViewController.swift in Sources */ = {isa = PBXBuildFile; fileRef = 17BFB05A1EF86104002A994E /* RegisterViewController.swift */; };
		17BFB05D1EF86177002A994E /* RegisterViewController.xib in Resources */ = {isa = PBXBuildFile; fileRef = 17BFB05C1EF86177002A994E /* RegisterViewController.xib */; };
		17CA012E1F4CE39100F3DA35 /* PlayerListProtocol.swift in Sources */ = {isa = PBXBuildFile; fileRef = 17CA012D1F4CE39100F3DA35 /* PlayerListProtocol.swift */; };
		17CA01301F4CF1C800F3DA35 /* PlayerOptionsView.swift in Sources */ = {isa = PBXBuildFile; fileRef = 17CA012F1F4CF1C800F3DA35 /* PlayerOptionsView.swift */; };
		17CA01321F4CF1E900F3DA35 /* PlayerOptionsView.xib in Resources */ = {isa = PBXBuildFile; fileRef = 17CA01311F4CF1E900F3DA35 /* PlayerOptionsView.xib */; };
		17CA01341F4DDF8800F3DA35 /* MenuManager.swift in Sources */ = {isa = PBXBuildFile; fileRef = 17CA01331F4DDF8800F3DA35 /* MenuManager.swift */; };
		17CA01361F4DE23400F3DA35 /* MenuItemsDefinitions.plist in Resources */ = {isa = PBXBuildFile; fileRef = 17CA01351F4DE23400F3DA35 /* MenuItemsDefinitions.plist */; };
		17CA01391F4DE66300F3DA35 /* NavMenuViewController.swift in Sources */ = {isa = PBXBuildFile; fileRef = 17CA01381F4DE66300F3DA35 /* NavMenuViewController.swift */; };
		17CA013B1F4DE6D800F3DA35 /* NavMenuViewController.xib in Resources */ = {isa = PBXBuildFile; fileRef = 17CA013A1F4DE6D800F3DA35 /* NavMenuViewController.xib */; };
		17E60A7F1E735FD2007D7CCD /* StartUpViewController.swift in Sources */ = {isa = PBXBuildFile; fileRef = 17E60A7E1E735FD2007D7CCD /* StartUpViewController.swift */; };
		17E678A91EF6E41F0001B9FB /* Images.xcassets in Resources */ = {isa = PBXBuildFile; fileRef = 170104611EC2C4B5002E6767 /* Images.xcassets */; };
		17E678AA1EF6E43C0001B9FB /* Assets.xcassets in Resources */ = {isa = PBXBuildFile; fileRef = 17F7B65E1E73474D00578042 /* Assets.xcassets */; };
		17E678AB1EF6E47E0001B9FB /* Main.storyboard in Resources */ = {isa = PBXBuildFile; fileRef = 17F7B65B1E73474D00578042 /* Main.storyboard */; };
		17E678AC1EF6E4860001B9FB /* LaunchScreen.storyboard in Resources */ = {isa = PBXBuildFile; fileRef = 17F7B6601E73474D00578042 /* LaunchScreen.storyboard */; };
		17E678AE1EF6E5C20001B9FB /* StartUpViewController.xib in Resources */ = {isa = PBXBuildFile; fileRef = 17E678AD1EF6E5C20001B9FB /* StartUpViewController.xib */; };
		17E678B01EF6E6320001B9FB /* ViewController.swift in Sources */ = {isa = PBXBuildFile; fileRef = 17E678AF1EF6E6320001B9FB /* ViewController.swift */; };
		17F327F21F3C13BF007223BE /* ChallengesViewController.swift in Sources */ = {isa = PBXBuildFile; fileRef = 17F327F11F3C13BF007223BE /* ChallengesViewController.swift */; };
		17F327F51F3C15A3007223BE /* ChallengesCell.swift in Sources */ = {isa = PBXBuildFile; fileRef = 17F327F41F3C15A3007223BE /* ChallengesCell.swift */; };
		17F327F71F3C17E7007223BE /* ChallengesViewController.xib in Resources */ = {isa = PBXBuildFile; fileRef = 17F327F61F3C17E7007223BE /* ChallengesViewController.xib */; };
		17F327F91F3C1870007223BE /* ChallengesCell.xib in Resources */ = {isa = PBXBuildFile; fileRef = 17F327F81F3C1870007223BE /* ChallengesCell.xib */; };
		17F51E421F380D7700935687 /* TabsViewController.swift in Sources */ = {isa = PBXBuildFile; fileRef = 17F51E411F380D7700935687 /* TabsViewController.swift */; };
		17F51E441F381D3500935687 /* UIColor+Extension.swift in Sources */ = {isa = PBXBuildFile; fileRef = 17F51E431F381D3500935687 /* UIColor+Extension.swift */; };
		17F51E471F38C7D600935687 /* HomeViewController.swift in Sources */ = {isa = PBXBuildFile; fileRef = 17F51E461F38C7D600935687 /* HomeViewController.swift */; };
		17F51E491F38CF1F00935687 /* HomeViewController.xib in Resources */ = {isa = PBXBuildFile; fileRef = 17F51E481F38CF1F00935687 /* HomeViewController.xib */; };
		17F51E4B1F391D9300935687 /* ChallengesModel.swift in Sources */ = {isa = PBXBuildFile; fileRef = 17F51E4A1F391D9300935687 /* ChallengesModel.swift */; };
		17F7B6581E73474D00578042 /* AppDelegate.swift in Sources */ = {isa = PBXBuildFile; fileRef = 17F7B6571E73474D00578042 /* AppDelegate.swift */; };
		17F7B66D1E73474D00578042 /* FutLifeTests.swift in Sources */ = {isa = PBXBuildFile; fileRef = 17F7B66C1E73474D00578042 /* FutLifeTests.swift */; };
		17F7B6781E73474D00578042 /* FutLifeUITests.swift in Sources */ = {isa = PBXBuildFile; fileRef = 17F7B6771E73474D00578042 /* FutLifeUITests.swift */; };
		B3DDC6BD67F21EAE4AC4C6F4 /* Pods_FutLife.framework in Frameworks */ = {isa = PBXBuildFile; fileRef = 54E972938F4543AFEC752E34 /* Pods_FutLife.framework */; };
/* End PBXBuildFile section */

/* Begin PBXContainerItemProxy section */
		17F7B6691E73474D00578042 /* PBXContainerItemProxy */ = {
			isa = PBXContainerItemProxy;
			containerPortal = 17F7B64C1E73474D00578042 /* Project object */;
			proxyType = 1;
			remoteGlobalIDString = 17F7B6531E73474D00578042;
			remoteInfo = "FutLife Swift";
		};
		17F7B6741E73474D00578042 /* PBXContainerItemProxy */ = {
			isa = PBXContainerItemProxy;
			containerPortal = 17F7B64C1E73474D00578042 /* Project object */;
			proxyType = 1;
			remoteGlobalIDString = 17F7B6531E73474D00578042;
			remoteInfo = "FutLife Swift";
		};
/* End PBXContainerItemProxy section */

/* Begin PBXFileReference section */
		17001A041F0AC15B00BF44BD /* UIView+Extension.swift */ = {isa = PBXFileReference; fileEncoding = 4; lastKnownFileType = sourcecode.swift; name = "UIView+Extension.swift"; path = "Common/Extensions/UIView+Extension.swift"; sourceTree = "<group>"; };
		17001A0C1F0ADB3B00BF44BD /* CustomTableViewCell.swift */ = {isa = PBXFileReference; fileEncoding = 4; lastKnownFileType = sourcecode.swift; name = CustomTableViewCell.swift; path = Common/Views/CustomTableViewCell.swift; sourceTree = "<group>"; };
		17001A0F1F0ADC2C00BF44BD /* ProfileCell.xib */ = {isa = PBXFileReference; fileEncoding = 4; lastKnownFileType = file.xib; name = ProfileCell.xib; path = Controllers/Profile/Cell/ProfileCell.xib; sourceTree = "<group>"; };
		17001A111F0ADC5800BF44BD /* ProfileCell.swift */ = {isa = PBXFileReference; fileEncoding = 4; lastKnownFileType = sourcecode.swift; name = ProfileCell.swift; path = Controllers/Profile/Cell/ProfileCell.swift; sourceTree = "<group>"; };
		17001A131F0B2B9800BF44BD /* RegisterAvatar.swift */ = {isa = PBXFileReference; fileEncoding = 4; lastKnownFileType = sourcecode.swift; name = RegisterAvatar.swift; path = Models/RegisterAvatar.swift; sourceTree = "<group>"; };
		170104501EC0232C002E6767 /* ApiRouter.swift */ = {isa = PBXFileReference; fileEncoding = 4; lastKnownFileType = sourcecode.swift; name = ApiRouter.swift; path = Common/Api/ApiRouter.swift; sourceTree = "<group>"; };
		170104521EC02398002E6767 /* Config.swift */ = {isa = PBXFileReference; fileEncoding = 4; lastKnownFileType = sourcecode.swift; name = Config.swift; path = Common/Config.swift; sourceTree = "<group>"; };
		170104541EC2A8CC002E6767 /* ConfigurationParameters.swift */ = {isa = PBXFileReference; fileEncoding = 4; lastKnownFileType = sourcecode.swift; name = ConfigurationParameters.swift; path = Models/ConfigurationParameters.swift; sourceTree = "<group>"; };
		170104571EC2BAC3002E6767 /* Platform.swift */ = {isa = PBXFileReference; fileEncoding = 4; lastKnownFileType = sourcecode.swift; name = Platform.swift; path = Models/Platform.swift; sourceTree = "<group>"; };
		170104591EC2BC80002E6767 /* Console.swift */ = {isa = PBXFileReference; fileEncoding = 4; lastKnownFileType = sourcecode.swift; name = Console.swift; path = Models/Console.swift; sourceTree = "<group>"; };
		1701045B1EC2BC91002E6767 /* Game.swift */ = {isa = PBXFileReference; fileEncoding = 4; lastKnownFileType = sourcecode.swift; name = Game.swift; path = Models/Game.swift; sourceTree = "<group>"; };
		1701045D1EC2C01C002E6767 /* ApiManager.swift */ = {isa = PBXFileReference; fileEncoding = 4; lastKnownFileType = sourcecode.swift; name = ApiManager.swift; path = Common/Api/ApiManager.swift; sourceTree = "<group>"; };
		1701045F1EC2C332002E6767 /* Info.plist */ = {isa = PBXFileReference; fileEncoding = 4; lastKnownFileType = text.plist.xml; name = Info.plist; path = Resources/Info.plist; sourceTree = "<group>"; };
		170104611EC2C4B5002E6767 /* Images.xcassets */ = {isa = PBXFileReference; lastKnownFileType = folder.assetcatalog; name = Images.xcassets; path = Resources/Images.xcassets; sourceTree = "<group>"; };
		17297FCE1EFA20B100E2FCE4 /* LoginManager.swift */ = {isa = PBXFileReference; fileEncoding = 4; lastKnownFileType = sourcecode.swift; name = LoginManager.swift; path = Managers/LoginManager.swift; sourceTree = "<group>"; };
		17297FD01EFA25F300E2FCE4 /* LoginModel.swift */ = {isa = PBXFileReference; fileEncoding = 4; lastKnownFileType = sourcecode.swift; name = LoginModel.swift; path = Models/LoginModel.swift; sourceTree = "<group>"; };
		173419281EC5676D003B2909 /* User.swift */ = {isa = PBXFileReference; fileEncoding = 4; lastKnownFileType = sourcecode.swift; name = User.swift; path = Models/User.swift; sourceTree = "<group>"; };
		1734192A1EC568FD003B2909 /* Model.swift */ = {isa = PBXFileReference; fileEncoding = 4; lastKnownFileType = sourcecode.swift; name = Model.swift; path = Models/Model.swift; sourceTree = "<group>"; };
		17363C8E1EF1FBA6006888EE /* FormViewController.swift */ = {isa = PBXFileReference; fileEncoding = 4; lastKnownFileType = sourcecode.swift; name = FormViewController.swift; path = Common/Form/FormViewController.swift; sourceTree = "<group>"; };
		17363C901EF20211006888EE /* InputFormManager.swift */ = {isa = PBXFileReference; fileEncoding = 4; lastKnownFileType = sourcecode.swift; name = InputFormManager.swift; path = Common/Form/InputFormManager.swift; sourceTree = "<group>"; };
		17363C921EF3A4D2006888EE /* TextField.swift */ = {isa = PBXFileReference; fileEncoding = 4; lastKnownFileType = sourcecode.swift; name = TextField.swift; path = Common/Form/TextField.swift; sourceTree = "<group>"; };
		17363C941EF3B3A4006888EE /* Utils.swift */ = {isa = PBXFileReference; fileEncoding = 4; lastKnownFileType = sourcecode.swift; name = Utils.swift; path = Common/Utils.swift; sourceTree = "<group>"; };
		173999FB1EFCB0AD00B72EFB /* RegisterModel.swift */ = {isa = PBXFileReference; fileEncoding = 4; lastKnownFileType = sourcecode.swift; name = RegisterModel.swift; path = Models/RegisterModel.swift; sourceTree = "<group>"; };
		173999FE1EFF1FB800B72EFB /* CarouselViewController.swift */ = {isa = PBXFileReference; fileEncoding = 4; lastKnownFileType = sourcecode.swift; name = CarouselViewController.swift; path = Common/Carousel/CarouselViewController.swift; sourceTree = "<group>"; };
		17399A041F00295100B72EFB /* FutLife-Bridging-Header.h */ = {isa = PBXFileReference; lastKnownFileType = sourcecode.c.h; path = "FutLife-Bridging-Header.h"; sourceTree = "<group>"; };
		17399A051F00295200B72EFB /* iCarousel.h */ = {isa = PBXFileReference; fileEncoding = 4; lastKnownFileType = sourcecode.c.h; name = iCarousel.h; path = ThirdParty/iCarousel/iCarousel.h; sourceTree = "<group>"; };
		17399A061F00295200B72EFB /* iCarousel.m */ = {isa = PBXFileReference; fileEncoding = 4; lastKnownFileType = sourcecode.c.objc; name = iCarousel.m; path = ThirdParty/iCarousel/iCarousel.m; sourceTree = "<group>"; };
		17399A071F00295200B72EFB /* Info.plist */ = {isa = PBXFileReference; fileEncoding = 4; lastKnownFileType = text.plist.xml; name = Info.plist; path = ThirdParty/iCarousel/Info.plist; sourceTree = "<group>"; };
		17399A0B1F003CA200B72EFB /* ChooseConsoleViewController.swift */ = {isa = PBXFileReference; fileEncoding = 4; lastKnownFileType = sourcecode.swift; name = ChooseConsoleViewController.swift; path = Controllers/ChooseConsole/ChooseConsoleViewController.swift; sourceTree = "<group>"; };
		17399A0D1F003D0900B72EFB /* ChooseConsoleViewController.xib */ = {isa = PBXFileReference; fileEncoding = 4; lastKnownFileType = file.xib; name = ChooseConsoleViewController.xib; path = Controllers/ChooseConsole/ChooseConsoleViewController.xib; sourceTree = "<group>"; };
		17399A111F03616100B72EFB /* Array+Utils.swift */ = {isa = PBXFileReference; fileEncoding = 4; lastKnownFileType = sourcecode.swift; name = "Array+Utils.swift"; path = "Common/Extensions/Array+Utils.swift"; sourceTree = "<group>"; };
		17399A131F0367AD00B72EFB /* UIFont+Utils.swift */ = {isa = PBXFileReference; fileEncoding = 4; lastKnownFileType = sourcecode.swift; name = "UIFont+Utils.swift"; path = "Common/Extensions/UIFont+Utils.swift"; sourceTree = "<group>"; };
		17399A181F03696300B72EFB /* BEBAS___.TTF */ = {isa = PBXFileReference; lastKnownFileType = file; name = "BEBAS___.TTF"; path = "Resources/Fonts/bebas/BEBAS___.TTF"; sourceTree = "<group>"; };
		17399A231F04A4B200B72EFB /* LocalDataManager.swift */ = {isa = PBXFileReference; fileEncoding = 4; lastKnownFileType = sourcecode.swift; name = LocalDataManager.swift; path = Managers/LocalDataManager.swift; sourceTree = "<group>"; };
		17399A251F04A7F600B72EFB /* UserDefaults+Extension.swift */ = {isa = PBXFileReference; fileEncoding = 4; lastKnownFileType = sourcecode.swift; name = "UserDefaults+Extension.swift"; path = "Common/Extensions/UserDefaults+Extension.swift"; sourceTree = "<group>"; };
		17399A281F04C11F00B72EFB /* ChooseGameViewController.swift */ = {isa = PBXFileReference; fileEncoding = 4; lastKnownFileType = sourcecode.swift; name = ChooseGameViewController.swift; path = Controllers/ChooseGame/ChooseGameViewController.swift; sourceTree = "<group>"; };
		17399A2A1F04C14800B72EFB /* ChooseGameViewController.xib */ = {isa = PBXFileReference; fileEncoding = 4; lastKnownFileType = file.xib; name = ChooseGameViewController.xib; path = Controllers/ChooseGame/ChooseGameViewController.xib; sourceTree = "<group>"; };
		17399A371F09CF6000B72EFB /* BebasNeue Book.ttf */ = {isa = PBXFileReference; lastKnownFileType = file; name = "BebasNeue Book.ttf"; path = "Resources/Fonts/bebas_neue/BebasNeue Book.ttf"; sourceTree = "<group>"; };
		17399A381F09CF6000B72EFB /* BebasNeue Light.otf */ = {isa = PBXFileReference; lastKnownFileType = file; name = "BebasNeue Light.otf"; path = "Resources/Fonts/bebas_neue/BebasNeue Light.otf"; sourceTree = "<group>"; };
		17399A391F09CF6000B72EFB /* BebasNeue Regular.ttf */ = {isa = PBXFileReference; lastKnownFileType = file; name = "BebasNeue Regular.ttf"; path = "Resources/Fonts/bebas_neue/BebasNeue Regular.ttf"; sourceTree = "<group>"; };
		17399A3A1F09CF6000B72EFB /* BebasNeue Thin.ttf */ = {isa = PBXFileReference; lastKnownFileType = file; name = "BebasNeue Thin.ttf"; path = "Resources/Fonts/bebas_neue/BebasNeue Thin.ttf"; sourceTree = "<group>"; };
		17399A3B1F09CF6000B72EFB /* BebasNeue-Bold.ttf */ = {isa = PBXFileReference; lastKnownFileType = file; name = "BebasNeue-Bold.ttf"; path = "Resources/Fonts/bebas_neue/BebasNeue-Bold.ttf"; sourceTree = "<group>"; };
		17399A411F0A015F00B72EFB /* SessionDataManager.swift */ = {isa = PBXFileReference; fileEncoding = 4; lastKnownFileType = sourcecode.swift; name = SessionDataManager.swift; path = Managers/SessionDataManager.swift; sourceTree = "<group>"; };
		17399A441F0AB00F00B72EFB /* ProfileViewController.swift */ = {isa = PBXFileReference; fileEncoding = 4; lastKnownFileType = sourcecode.swift; name = ProfileViewController.swift; path = Controllers/Profile/ProfileViewController.swift; sourceTree = "<group>"; };
		17399A461F0AB05B00B72EFB /* ProfileViewController.xib */ = {isa = PBXFileReference; fileEncoding = 4; lastKnownFileType = file.xib; name = ProfileViewController.xib; path = Controllers/Profile/ProfileViewController.xib; sourceTree = "<group>"; };
		173BDE7B1F12D9C60050D179 /* Preferences.swift */ = {isa = PBXFileReference; fileEncoding = 4; lastKnownFileType = sourcecode.swift; name = Preferences.swift; path = Models/Preferences.swift; sourceTree = "<group>"; };
		1783C4131F3ABA280065D797 /* PlayersListViewController.swift */ = {isa = PBXFileReference; fileEncoding = 4; lastKnownFileType = sourcecode.swift; name = PlayersListViewController.swift; path = Controllers/PlayerList/PlayersListViewController.swift; sourceTree = "<group>"; };
		1783C4151F3ABAE80065D797 /* PlayersListViewController.xib */ = {isa = PBXFileReference; fileEncoding = 4; lastKnownFileType = file.xib; name = PlayersListViewController.xib; path = Controllers/PlayerList/PlayersListViewController.xib; sourceTree = "<group>"; };
		1783C41A1F3ABE100065D797 /* PlayersListCell.swift */ = {isa = PBXFileReference; fileEncoding = 4; lastKnownFileType = sourcecode.swift; name = PlayersListCell.swift; path = Controllers/PlayerList/Cell/PlayersListCell.swift; sourceTree = "<group>"; };
		1783C41C1F3ABE760065D797 /* PlayersListCell.xib */ = {isa = PBXFileReference; fileEncoding = 4; lastKnownFileType = file.xib; name = PlayersListCell.xib; path = Controllers/PlayerList/Cell/PlayersListCell.xib; sourceTree = "<group>"; };
		1783C41E1F3AC49F0065D797 /* PlayersModel.swift */ = {isa = PBXFileReference; fileEncoding = 4; lastKnownFileType = sourcecode.swift; name = PlayersModel.swift; path = Models/PlayersModel.swift; sourceTree = "<group>"; };
		179961531EF61BCC00853DB7 /* FieldValidations.swift */ = {isa = PBXFileReference; fileEncoding = 4; lastKnownFileType = sourcecode.swift; name = FieldValidations.swift; path = Common/Form/FieldValidations.swift; sourceTree = "<group>"; };
		179961561EF6292A00853DB7 /* String+Utils.swift */ = {isa = PBXFileReference; fileEncoding = 4; lastKnownFileType = sourcecode.swift; name = "String+Utils.swift"; path = "Common/Extensions/String+Utils.swift"; sourceTree = "<group>"; };
		179961591EF6DAB600853DB7 /* LoginViewController.swift */ = {isa = PBXFileReference; fileEncoding = 4; lastKnownFileType = sourcecode.swift; name = LoginViewController.swift; path = Controllers/Login/LoginViewController.swift; sourceTree = "<group>"; };
		17BFB0501EF6ED36002A994E /* LoginViewController.xib */ = {isa = PBXFileReference; fileEncoding = 4; lastKnownFileType = file.xib; name = LoginViewController.xib; path = Controllers/Login/LoginViewController.xib; sourceTree = "<group>"; };
		17BFB0531EF762A3002A994E /* Constants.swift */ = {isa = PBXFileReference; fileEncoding = 4; lastKnownFileType = sourcecode.swift; name = Constants.swift; path = Common/Constants.swift; sourceTree = "<group>"; };
		17BFB0551EF8377F002A994E /* UIViewController+Utils.swift */ = {isa = PBXFileReference; fileEncoding = 4; lastKnownFileType = sourcecode.swift; name = "UIViewController+Utils.swift"; path = "Common/Extensions/UIViewController+Utils.swift"; sourceTree = "<group>"; };
		17BFB0571EF838C0002A994E /* Error.swift */ = {isa = PBXFileReference; fileEncoding = 4; lastKnownFileType = sourcecode.swift; name = Error.swift; path = Common/Error.swift; sourceTree = "<group>"; };
		17BFB05A1EF86104002A994E /* RegisterViewController.swift */ = {isa = PBXFileReference; fileEncoding = 4; lastKnownFileType = sourcecode.swift; name = RegisterViewController.swift; path = Controllers/Register/RegisterViewController.swift; sourceTree = "<group>"; };
		17BFB05C1EF86177002A994E /* RegisterViewController.xib */ = {isa = PBXFileReference; fileEncoding = 4; lastKnownFileType = file.xib; name = RegisterViewController.xib; path = Controllers/Register/RegisterViewController.xib; sourceTree = "<group>"; };
		17CA012D1F4CE39100F3DA35 /* PlayerListProtocol.swift */ = {isa = PBXFileReference; fileEncoding = 4; lastKnownFileType = sourcecode.swift; name = PlayerListProtocol.swift; path = Controllers/PlayerList/PlayerListProtocol.swift; sourceTree = "<group>"; };
		17CA012F1F4CF1C800F3DA35 /* PlayerOptionsView.swift */ = {isa = PBXFileReference; fileEncoding = 4; lastKnownFileType = sourcecode.swift; name = PlayerOptionsView.swift; path = Controllers/PlayerList/PlayerOptionsView.swift; sourceTree = "<group>"; };
		17CA01311F4CF1E900F3DA35 /* PlayerOptionsView.xib */ = {isa = PBXFileReference; fileEncoding = 4; lastKnownFileType = file.xib; name = PlayerOptionsView.xib; path = Controllers/PlayerList/PlayerOptionsView.xib; sourceTree = "<group>"; };
		17CA01331F4DDF8800F3DA35 /* MenuManager.swift */ = {isa = PBXFileReference; fileEncoding = 4; lastKnownFileType = sourcecode.swift; name = MenuManager.swift; path = Managers/MenuManager.swift; sourceTree = "<group>"; };
		17CA01351F4DE23400F3DA35 /* MenuItemsDefinitions.plist */ = {isa = PBXFileReference; fileEncoding = 4; lastKnownFileType = text.plist.xml; name = MenuItemsDefinitions.plist; path = Resources/MenuItemsDefinitions.plist; sourceTree = "<group>"; };
		17CA01381F4DE66300F3DA35 /* NavMenuViewController.swift */ = {isa = PBXFileReference; fileEncoding = 4; lastKnownFileType = sourcecode.swift; name = NavMenuViewController.swift; path = Controllers/NavMenu/NavMenuViewController.swift; sourceTree = "<group>"; };
		17CA013A1F4DE6D800F3DA35 /* NavMenuViewController.xib */ = {isa = PBXFileReference; fileEncoding = 4; lastKnownFileType = file.xib; name = NavMenuViewController.xib; path = Controllers/NavMenu/NavMenuViewController.xib; sourceTree = "<group>"; };
		17E60A7E1E735FD2007D7CCD /* StartUpViewController.swift */ = {isa = PBXFileReference; fileEncoding = 4; lastKnownFileType = sourcecode.swift; name = StartUpViewController.swift; path = Controllers/StartUp/StartUpViewController.swift; sourceTree = "<group>"; };
		17E678AD1EF6E5C20001B9FB /* StartUpViewController.xib */ = {isa = PBXFileReference; fileEncoding = 4; lastKnownFileType = file.xib; name = StartUpViewController.xib; path = Controllers/StartUp/StartUpViewController.xib; sourceTree = "<group>"; };
		17E678AF1EF6E6320001B9FB /* ViewController.swift */ = {isa = PBXFileReference; fileEncoding = 4; lastKnownFileType = sourcecode.swift; name = ViewController.swift; path = Controllers/ViewController.swift; sourceTree = "<group>"; };
		17F327F11F3C13BF007223BE /* ChallengesViewController.swift */ = {isa = PBXFileReference; fileEncoding = 4; lastKnownFileType = sourcecode.swift; name = ChallengesViewController.swift; path = Controllers/Challenges/ChallengesViewController.swift; sourceTree = "<group>"; };
		17F327F41F3C15A3007223BE /* ChallengesCell.swift */ = {isa = PBXFileReference; fileEncoding = 4; lastKnownFileType = sourcecode.swift; name = ChallengesCell.swift; path = Controllers/Challenges/Cell/ChallengesCell.swift; sourceTree = "<group>"; };
		17F327F61F3C17E7007223BE /* ChallengesViewController.xib */ = {isa = PBXFileReference; fileEncoding = 4; lastKnownFileType = file.xib; name = ChallengesViewController.xib; path = Controllers/Challenges/ChallengesViewController.xib; sourceTree = "<group>"; };
		17F327F81F3C1870007223BE /* ChallengesCell.xib */ = {isa = PBXFileReference; fileEncoding = 4; lastKnownFileType = file.xib; name = ChallengesCell.xib; path = Controllers/Challenges/Cell/ChallengesCell.xib; sourceTree = "<group>"; };
		17F51E411F380D7700935687 /* TabsViewController.swift */ = {isa = PBXFileReference; fileEncoding = 4; lastKnownFileType = sourcecode.swift; name = TabsViewController.swift; path = Controllers/Tabs/TabsViewController.swift; sourceTree = "<group>"; };
		17F51E431F381D3500935687 /* UIColor+Extension.swift */ = {isa = PBXFileReference; fileEncoding = 4; lastKnownFileType = sourcecode.swift; name = "UIColor+Extension.swift"; path = "Common/Extensions/UIColor+Extension.swift"; sourceTree = "<group>"; };
		17F51E461F38C7D600935687 /* HomeViewController.swift */ = {isa = PBXFileReference; fileEncoding = 4; lastKnownFileType = sourcecode.swift; name = HomeViewController.swift; path = Controllers/Home/HomeViewController.swift; sourceTree = "<group>"; };
		17F51E481F38CF1F00935687 /* HomeViewController.xib */ = {isa = PBXFileReference; fileEncoding = 4; lastKnownFileType = file.xib; name = HomeViewController.xib; path = Controllers/Home/HomeViewController.xib; sourceTree = "<group>"; };
		17F51E4A1F391D9300935687 /* ChallengesModel.swift */ = {isa = PBXFileReference; fileEncoding = 4; lastKnownFileType = sourcecode.swift; name = ChallengesModel.swift; path = Models/ChallengesModel.swift; sourceTree = "<group>"; };
		17F7B6541E73474D00578042 /* FutLife.app */ = {isa = PBXFileReference; explicitFileType = wrapper.application; includeInIndex = 0; path = FutLife.app; sourceTree = BUILT_PRODUCTS_DIR; };
		17F7B6571E73474D00578042 /* AppDelegate.swift */ = {isa = PBXFileReference; lastKnownFileType = sourcecode.swift; path = AppDelegate.swift; sourceTree = "<group>"; };
		17F7B65C1E73474D00578042 /* Base */ = {isa = PBXFileReference; lastKnownFileType = file.storyboard; name = Base; path = Base.lproj/Main.storyboard; sourceTree = "<group>"; };
		17F7B65E1E73474D00578042 /* Assets.xcassets */ = {isa = PBXFileReference; lastKnownFileType = folder.assetcatalog; name = Assets.xcassets; path = Resources/Assets.xcassets; sourceTree = "<group>"; };
		17F7B6611E73474D00578042 /* Base */ = {isa = PBXFileReference; lastKnownFileType = file.storyboard; name = Base; path = Base.lproj/LaunchScreen.storyboard; sourceTree = "<group>"; };
		17F7B6681E73474D00578042 /* FutLifeTests.xctest */ = {isa = PBXFileReference; explicitFileType = wrapper.cfbundle; includeInIndex = 0; path = FutLifeTests.xctest; sourceTree = BUILT_PRODUCTS_DIR; };
		17F7B66C1E73474D00578042 /* FutLifeTests.swift */ = {isa = PBXFileReference; lastKnownFileType = sourcecode.swift; path = FutLifeTests.swift; sourceTree = "<group>"; };
		17F7B66E1E73474D00578042 /* Info.plist */ = {isa = PBXFileReference; lastKnownFileType = text.plist.xml; path = Info.plist; sourceTree = "<group>"; };
		17F7B6731E73474D00578042 /* FutLifeUITests.xctest */ = {isa = PBXFileReference; explicitFileType = wrapper.cfbundle; includeInIndex = 0; path = FutLifeUITests.xctest; sourceTree = BUILT_PRODUCTS_DIR; };
		17F7B6771E73474D00578042 /* FutLifeUITests.swift */ = {isa = PBXFileReference; lastKnownFileType = sourcecode.swift; path = FutLifeUITests.swift; sourceTree = "<group>"; };
		17F7B6791E73474D00578042 /* Info.plist */ = {isa = PBXFileReference; lastKnownFileType = text.plist.xml; path = Info.plist; sourceTree = "<group>"; };
		1C32FB6C87B21B8000DA6626 /* Pods-FutLife.release.xcconfig */ = {isa = PBXFileReference; includeInIndex = 1; lastKnownFileType = text.xcconfig; name = "Pods-FutLife.release.xcconfig"; path = "Pods/Target Support Files/Pods-FutLife/Pods-FutLife.release.xcconfig"; sourceTree = "<group>"; };
		54E972938F4543AFEC752E34 /* Pods_FutLife.framework */ = {isa = PBXFileReference; explicitFileType = wrapper.framework; includeInIndex = 0; path = Pods_FutLife.framework; sourceTree = BUILT_PRODUCTS_DIR; };
		79140749D98EEF1DD7D66E57 /* Pods-FutLife Swift.debug.xcconfig */ = {isa = PBXFileReference; includeInIndex = 1; lastKnownFileType = text.xcconfig; name = "Pods-FutLife Swift.debug.xcconfig"; path = "Pods/Target Support Files/Pods-FutLife Swift/Pods-FutLife Swift.debug.xcconfig"; sourceTree = "<group>"; };
		8EAB5FABE53C032C619AD16D /* Pods_FutLife_Swift.framework */ = {isa = PBXFileReference; explicitFileType = wrapper.framework; includeInIndex = 0; path = Pods_FutLife_Swift.framework; sourceTree = BUILT_PRODUCTS_DIR; };
		C3599B45EDA3F6926C767486 /* Pods-FutLife Swift.release.xcconfig */ = {isa = PBXFileReference; includeInIndex = 1; lastKnownFileType = text.xcconfig; name = "Pods-FutLife Swift.release.xcconfig"; path = "Pods/Target Support Files/Pods-FutLife Swift/Pods-FutLife Swift.release.xcconfig"; sourceTree = "<group>"; };
		FF5EECAB185C257486B8E1A9 /* Pods-FutLife.debug.xcconfig */ = {isa = PBXFileReference; includeInIndex = 1; lastKnownFileType = text.xcconfig; name = "Pods-FutLife.debug.xcconfig"; path = "Pods/Target Support Files/Pods-FutLife/Pods-FutLife.debug.xcconfig"; sourceTree = "<group>"; };
/* End PBXFileReference section */

/* Begin PBXFrameworksBuildPhase section */
		17F7B6511E73474D00578042 /* Frameworks */ = {
			isa = PBXFrameworksBuildPhase;
			buildActionMask = 2147483647;
			files = (
				B3DDC6BD67F21EAE4AC4C6F4 /* Pods_FutLife.framework in Frameworks */,
			);
			runOnlyForDeploymentPostprocessing = 0;
		};
		17F7B6651E73474D00578042 /* Frameworks */ = {
			isa = PBXFrameworksBuildPhase;
			buildActionMask = 2147483647;
			files = (
			);
			runOnlyForDeploymentPostprocessing = 0;
		};
		17F7B6701E73474D00578042 /* Frameworks */ = {
			isa = PBXFrameworksBuildPhase;
			buildActionMask = 2147483647;
			files = (
			);
			runOnlyForDeploymentPostprocessing = 0;
		};
/* End PBXFrameworksBuildPhase section */

/* Begin PBXGroup section */
		0ECDB07D4D43A7A64C11BB32 /* Pods */ = {
			isa = PBXGroup;
			children = (
				79140749D98EEF1DD7D66E57 /* Pods-FutLife Swift.debug.xcconfig */,
				C3599B45EDA3F6926C767486 /* Pods-FutLife Swift.release.xcconfig */,
				FF5EECAB185C257486B8E1A9 /* Pods-FutLife.debug.xcconfig */,
				1C32FB6C87B21B8000DA6626 /* Pods-FutLife.release.xcconfig */,
			);
			name = Pods;
			sourceTree = "<group>";
		};
		17001A0B1F0ADB0E00BF44BD /* Views */ = {
			isa = PBXGroup;
			children = (
				17001A0C1F0ADB3B00BF44BD /* CustomTableViewCell.swift */,
			);
			name = Views;
			sourceTree = "<group>";
		};
		17001A0E1F0ADC1700BF44BD /* Cell */ = {
			isa = PBXGroup;
			children = (
				17001A0F1F0ADC2C00BF44BD /* ProfileCell.xib */,
				17001A111F0ADC5800BF44BD /* ProfileCell.swift */,
			);
			name = Cell;
			sourceTree = "<group>";
		};
		1701044A1EC02032002E6767 /* Models */ = {
			isa = PBXGroup;
			children = (
				170104541EC2A8CC002E6767 /* ConfigurationParameters.swift */,
				170104571EC2BAC3002E6767 /* Platform.swift */,
				170104591EC2BC80002E6767 /* Console.swift */,
				1701045B1EC2BC91002E6767 /* Game.swift */,
				173419281EC5676D003B2909 /* User.swift */,
				1734192A1EC568FD003B2909 /* Model.swift */,
				17297FD01EFA25F300E2FCE4 /* LoginModel.swift */,
				173999FB1EFCB0AD00B72EFB /* RegisterModel.swift */,
				17001A131F0B2B9800BF44BD /* RegisterAvatar.swift */,
				173BDE7B1F12D9C60050D179 /* Preferences.swift */,
				17F51E4A1F391D9300935687 /* ChallengesModel.swift */,
				1783C41E1F3AC49F0065D797 /* PlayersModel.swift */,
			);
			name = Models;
			sourceTree = "<group>";
		};
		1701044B1EC0203E002E6767 /* Views */ = {
			isa = PBXGroup;
			children = (
			);
			name = Views;
			sourceTree = "<group>";
		};
		1701044C1EC02054002E6767 /* Api */ = {
			isa = PBXGroup;
			children = (
				170104501EC0232C002E6767 /* ApiRouter.swift */,
				1701045D1EC2C01C002E6767 /* ApiManager.swift */,
			);
			name = Api;
			sourceTree = "<group>";
		};
		1701044F1EC022D9002E6767 /* Common */ = {
			isa = PBXGroup;
			children = (
				17001A0B1F0ADB0E00BF44BD /* Views */,
				173999FD1EFF1F6900B72EFB /* Carousel */,
				179961551EF6286200853DB7 /* Extensions */,
				17363C8B1EF1FB1D006888EE /* Form */,
				1701044C1EC02054002E6767 /* Api */,
				170104521EC02398002E6767 /* Config.swift */,
				17363C941EF3B3A4006888EE /* Utils.swift */,
				17BFB0531EF762A3002A994E /* Constants.swift */,
				17BFB0571EF838C0002A994E /* Error.swift */,
			);
			name = Common;
			sourceTree = "<group>";
		};
		170104561EC2BA57002E6767 /* Resources */ = {
			isa = PBXGroup;
			children = (
				17399A151F0368E700B72EFB /* Fonts */,
				1701045F1EC2C332002E6767 /* Info.plist */,
				17CA01351F4DE23400F3DA35 /* MenuItemsDefinitions.plist */,
				17F7B65B1E73474D00578042 /* Main.storyboard */,
				17F7B65E1E73474D00578042 /* Assets.xcassets */,
				17F7B6601E73474D00578042 /* LaunchScreen.storyboard */,
				170104611EC2C4B5002E6767 /* Images.xcassets */,
			);
			name = Resources;
			sourceTree = "<group>";
		};
		17297FCD1EFA206900E2FCE4 /* Managers */ = {
			isa = PBXGroup;
			children = (
				17297FCE1EFA20B100E2FCE4 /* LoginManager.swift */,
				17399A231F04A4B200B72EFB /* LocalDataManager.swift */,
				17399A411F0A015F00B72EFB /* SessionDataManager.swift */,
				17CA01331F4DDF8800F3DA35 /* MenuManager.swift */,
			);
			name = Managers;
			sourceTree = "<group>";
		};
		17363C8B1EF1FB1D006888EE /* Form */ = {
			isa = PBXGroup;
			children = (
				17363C8E1EF1FBA6006888EE /* FormViewController.swift */,
				17363C901EF20211006888EE /* InputFormManager.swift */,
				17363C921EF3A4D2006888EE /* TextField.swift */,
				179961531EF61BCC00853DB7 /* FieldValidations.swift */,
			);
			name = Form;
			sourceTree = "<group>";
		};
		173999FD1EFF1F6900B72EFB /* Carousel */ = {
			isa = PBXGroup;
			children = (
				173999FE1EFF1FB800B72EFB /* CarouselViewController.swift */,
			);
			name = Carousel;
			sourceTree = "<group>";
		};
		17399A001F00290600B72EFB /* ThirdParty */ = {
			isa = PBXGroup;
			children = (
				17399A031F00293E00B72EFB /* iCarousel */,
			);
			name = ThirdParty;
			sourceTree = "<group>";
		};
		17399A031F00293E00B72EFB /* iCarousel */ = {
			isa = PBXGroup;
			children = (
				17399A051F00295200B72EFB /* iCarousel.h */,
				17399A061F00295200B72EFB /* iCarousel.m */,
				17399A071F00295200B72EFB /* Info.plist */,
			);
			name = iCarousel;
			sourceTree = "<group>";
		};
		17399A0A1F003C4A00B72EFB /* ChooseConsole */ = {
			isa = PBXGroup;
			children = (
				17399A0D1F003D0900B72EFB /* ChooseConsoleViewController.xib */,
				17399A0B1F003CA200B72EFB /* ChooseConsoleViewController.swift */,
			);
			name = ChooseConsole;
			sourceTree = "<group>";
		};
		17399A151F0368E700B72EFB /* Fonts */ = {
			isa = PBXGroup;
			children = (
				17399A171F03690700B72EFB /* bebas */,
				17399A161F0368FB00B72EFB /* BebasNeue */,
			);
			name = Fonts;
			sourceTree = "<group>";
		};
		17399A161F0368FB00B72EFB /* BebasNeue */ = {
			isa = PBXGroup;
			children = (
				17399A371F09CF6000B72EFB /* BebasNeue Book.ttf */,
				17399A381F09CF6000B72EFB /* BebasNeue Light.otf */,
				17399A391F09CF6000B72EFB /* BebasNeue Regular.ttf */,
				17399A3A1F09CF6000B72EFB /* BebasNeue Thin.ttf */,
				17399A3B1F09CF6000B72EFB /* BebasNeue-Bold.ttf */,
			);
			name = BebasNeue;
			sourceTree = "<group>";
		};
		17399A171F03690700B72EFB /* bebas */ = {
			isa = PBXGroup;
			children = (
				17399A181F03696300B72EFB /* BEBAS___.TTF */,
			);
			name = bebas;
			sourceTree = "<group>";
		};
		17399A271F04C03800B72EFB /* ChooseGame */ = {
			isa = PBXGroup;
			children = (
				17399A281F04C11F00B72EFB /* ChooseGameViewController.swift */,
				17399A2A1F04C14800B72EFB /* ChooseGameViewController.xib */,
			);
			name = ChooseGame;
			sourceTree = "<group>";
		};
		17399A431F0AA9B200B72EFB /* Profile */ = {
			isa = PBXGroup;
			children = (
				17001A0E1F0ADC1700BF44BD /* Cell */,
				17399A441F0AB00F00B72EFB /* ProfileViewController.swift */,
				17399A461F0AB05B00B72EFB /* ProfileViewController.xib */,
			);
			name = Profile;
			sourceTree = "<group>";
		};
		1783C4121F3AB9C30065D797 /* PlayerList */ = {
			isa = PBXGroup;
			children = (
				1783C4191F3ABDCC0065D797 /* Cell */,
				1783C4131F3ABA280065D797 /* PlayersListViewController.swift */,
				1783C4151F3ABAE80065D797 /* PlayersListViewController.xib */,
				17CA012D1F4CE39100F3DA35 /* PlayerListProtocol.swift */,
				17CA012F1F4CF1C800F3DA35 /* PlayerOptionsView.swift */,
				17CA01311F4CF1E900F3DA35 /* PlayerOptionsView.xib */,
			);
			name = PlayerList;
			sourceTree = "<group>";
		};
		1783C4191F3ABDCC0065D797 /* Cell */ = {
			isa = PBXGroup;
			children = (
				1783C41C1F3ABE760065D797 /* PlayersListCell.xib */,
				1783C41A1F3ABE100065D797 /* PlayersListCell.swift */,
			);
			name = Cell;
			sourceTree = "<group>";
		};
		179961551EF6286200853DB7 /* Extensions */ = {
			isa = PBXGroup;
			children = (
				179961561EF6292A00853DB7 /* String+Utils.swift */,
				17BFB0551EF8377F002A994E /* UIViewController+Utils.swift */,
				17399A111F03616100B72EFB /* Array+Utils.swift */,
				17399A131F0367AD00B72EFB /* UIFont+Utils.swift */,
				17399A251F04A7F600B72EFB /* UserDefaults+Extension.swift */,
				17001A041F0AC15B00BF44BD /* UIView+Extension.swift */,
				17F51E431F381D3500935687 /* UIColor+Extension.swift */,
			);
			name = Extensions;
			sourceTree = "<group>";
		};
		179961581EF6DA8D00853DB7 /* Login */ = {
			isa = PBXGroup;
			children = (
				179961591EF6DAB600853DB7 /* LoginViewController.swift */,
				17BFB0501EF6ED36002A994E /* LoginViewController.xib */,
			);
			name = Login;
			sourceTree = "<group>";
		};
		17BFB0591EF8609F002A994E /* Register */ = {
			isa = PBXGroup;
			children = (
				17BFB05A1EF86104002A994E /* RegisterViewController.swift */,
				17BFB05C1EF86177002A994E /* RegisterViewController.xib */,
			);
			name = Register;
			sourceTree = "<group>";
		};
		17CA01371F4DE63900F3DA35 /* NavMenu */ = {
			isa = PBXGroup;
			children = (
				17CA01381F4DE66300F3DA35 /* NavMenuViewController.swift */,
				17CA013A1F4DE6D800F3DA35 /* NavMenuViewController.xib */,
			);
			name = NavMenu;
			sourceTree = "<group>";
		};
		17E60A7A1E7359F5007D7CCD /* Controllers */ = {
			isa = PBXGroup;
			children = (
				17CA01371F4DE63900F3DA35 /* NavMenu */,
				17F327F01F3C1341007223BE /* Challenges */,
				1783C4121F3AB9C30065D797 /* PlayerList */,
				17F51E451F38C7AC00935687 /* Home */,
				17F51E401F380D3800935687 /* Tabs */,
				17399A431F0AA9B200B72EFB /* Profile */,
				17399A271F04C03800B72EFB /* ChooseGame */,
				17399A0A1F003C4A00B72EFB /* ChooseConsole */,
				17BFB0591EF8609F002A994E /* Register */,
				179961581EF6DA8D00853DB7 /* Login */,
				17E60A7D1E735F9E007D7CCD /* StartUp */,
				17E678AF1EF6E6320001B9FB /* ViewController.swift */,
			);
			name = Controllers;
			sourceTree = "<group>";
		};
		17E60A7D1E735F9E007D7CCD /* StartUp */ = {
			isa = PBXGroup;
			children = (
				17E60A7E1E735FD2007D7CCD /* StartUpViewController.swift */,
				17E678AD1EF6E5C20001B9FB /* StartUpViewController.xib */,
			);
			name = StartUp;
			sourceTree = "<group>";
		};
		17F327F01F3C1341007223BE /* Challenges */ = {
			isa = PBXGroup;
			children = (
				17F327F31F3C1565007223BE /* Cell */,
				17F327F11F3C13BF007223BE /* ChallengesViewController.swift */,
				17F327F61F3C17E7007223BE /* ChallengesViewController.xib */,
			);
			name = Challenges;
			sourceTree = "<group>";
		};
		17F327F31F3C1565007223BE /* Cell */ = {
			isa = PBXGroup;
			children = (
				17F327F41F3C15A3007223BE /* ChallengesCell.swift */,
				17F327F81F3C1870007223BE /* ChallengesCell.xib */,
			);
			name = Cell;
			sourceTree = "<group>";
		};
		17F51E401F380D3800935687 /* Tabs */ = {
			isa = PBXGroup;
			children = (
				17F51E411F380D7700935687 /* TabsViewController.swift */,
			);
			name = Tabs;
			sourceTree = "<group>";
		};
		17F51E451F38C7AC00935687 /* Home */ = {
			isa = PBXGroup;
			children = (
				17F51E461F38C7D600935687 /* HomeViewController.swift */,
				17F51E481F38CF1F00935687 /* HomeViewController.xib */,
			);
			name = Home;
			sourceTree = "<group>";
		};
		17F7B64B1E73474D00578042 = {
			isa = PBXGroup;
			children = (
				17F7B6561E73474D00578042 /* FutLife */,
				17F7B66B1E73474D00578042 /* FutLifeTests */,
				17F7B6761E73474D00578042 /* FutLifeUITests */,
				17F7B6551E73474D00578042 /* Products */,
				0ECDB07D4D43A7A64C11BB32 /* Pods */,
				7275184320D6405A87373ADF /* Frameworks */,
			);
			sourceTree = "<group>";
		};
		17F7B6551E73474D00578042 /* Products */ = {
			isa = PBXGroup;
			children = (
				17F7B6541E73474D00578042 /* FutLife.app */,
				17F7B6681E73474D00578042 /* FutLifeTests.xctest */,
				17F7B6731E73474D00578042 /* FutLifeUITests.xctest */,
			);
			name = Products;
			sourceTree = "<group>";
		};
		17F7B6561E73474D00578042 /* FutLife */ = {
			isa = PBXGroup;
			children = (
				1701044A1EC02032002E6767 /* Models */,
				1701044B1EC0203E002E6767 /* Views */,
				17E60A7A1E7359F5007D7CCD /* Controllers */,
				17297FCD1EFA206900E2FCE4 /* Managers */,
				1701044F1EC022D9002E6767 /* Common */,
				170104561EC2BA57002E6767 /* Resources */,
				17399A001F00290600B72EFB /* ThirdParty */,
				17F7B6571E73474D00578042 /* AppDelegate.swift */,
				17399A041F00295100B72EFB /* FutLife-Bridging-Header.h */,
			);
			path = FutLife;
			sourceTree = "<group>";
		};
		17F7B66B1E73474D00578042 /* FutLifeTests */ = {
			isa = PBXGroup;
			children = (
				17F7B66C1E73474D00578042 /* FutLifeTests.swift */,
				17F7B66E1E73474D00578042 /* Info.plist */,
			);
			path = FutLifeTests;
			sourceTree = "<group>";
		};
		17F7B6761E73474D00578042 /* FutLifeUITests */ = {
			isa = PBXGroup;
			children = (
				17F7B6771E73474D00578042 /* FutLifeUITests.swift */,
				17F7B6791E73474D00578042 /* Info.plist */,
			);
			path = FutLifeUITests;
			sourceTree = "<group>";
		};
		7275184320D6405A87373ADF /* Frameworks */ = {
			isa = PBXGroup;
			children = (
				8EAB5FABE53C032C619AD16D /* Pods_FutLife_Swift.framework */,
				54E972938F4543AFEC752E34 /* Pods_FutLife.framework */,
			);
			name = Frameworks;
			sourceTree = "<group>";
		};
/* End PBXGroup section */

/* Begin PBXNativeTarget section */
		17F7B6531E73474D00578042 /* FutLife */ = {
			isa = PBXNativeTarget;
			buildConfigurationList = 17F7B67C1E73474D00578042 /* Build configuration list for PBXNativeTarget "FutLife" */;
			buildPhases = (
				415CE6E6BBAE11C50CE5979E /* [CP] Check Pods Manifest.lock */,
				17F7B6501E73474D00578042 /* Sources */,
				17F7B6511E73474D00578042 /* Frameworks */,
				17F7B6521E73474D00578042 /* Resources */,
				A7CB57F1D0714F4DE0528383 /* [CP] Embed Pods Frameworks */,
				C8CFDA223DB8E542A9FD19DC /* [CP] Copy Pods Resources */,
				17297FD21EFA9FC500E2FCE4 /* Increase Build Number */,
			);
			buildRules = (
			);
			dependencies = (
			);
			name = FutLife;
			productName = "FutLife Swift";
			productReference = 17F7B6541E73474D00578042 /* FutLife.app */;
			productType = "com.apple.product-type.application";
		};
		17F7B6671E73474D00578042 /* FutLifeTests */ = {
			isa = PBXNativeTarget;
			buildConfigurationList = 17F7B67F1E73474D00578042 /* Build configuration list for PBXNativeTarget "FutLifeTests" */;
			buildPhases = (
				17F7B6641E73474D00578042 /* Sources */,
				17F7B6651E73474D00578042 /* Frameworks */,
				17F7B6661E73474D00578042 /* Resources */,
			);
			buildRules = (
			);
			dependencies = (
				17F7B66A1E73474D00578042 /* PBXTargetDependency */,
			);
			name = FutLifeTests;
			productName = "FutLife SwiftTests";
			productReference = 17F7B6681E73474D00578042 /* FutLifeTests.xctest */;
			productType = "com.apple.product-type.bundle.unit-test";
		};
		17F7B6721E73474D00578042 /* FutLifeUITests */ = {
			isa = PBXNativeTarget;
			buildConfigurationList = 17F7B6821E73474D00578042 /* Build configuration list for PBXNativeTarget "FutLifeUITests" */;
			buildPhases = (
				17F7B66F1E73474D00578042 /* Sources */,
				17F7B6701E73474D00578042 /* Frameworks */,
				17F7B6711E73474D00578042 /* Resources */,
			);
			buildRules = (
			);
			dependencies = (
				17F7B6751E73474D00578042 /* PBXTargetDependency */,
			);
			name = FutLifeUITests;
			productName = "FutLife SwiftUITests";
			productReference = 17F7B6731E73474D00578042 /* FutLifeUITests.xctest */;
			productType = "com.apple.product-type.bundle.ui-testing";
		};
/* End PBXNativeTarget section */

/* Begin PBXProject section */
		17F7B64C1E73474D00578042 /* Project object */ = {
			isa = PBXProject;
			attributes = {
				LastSwiftUpdateCheck = 0820;
				LastUpgradeCheck = 0820;
				ORGANIZATIONNAME = "IdeamosWeb S.A.S";
				TargetAttributes = {
					17F7B6531E73474D00578042 = {
						CreatedOnToolsVersion = 8.2.1;
						DevelopmentTeam = L3XQ85T9WB;
						LastSwiftMigration = 0830;
						ProvisioningStyle = Automatic;
					};
					17F7B6671E73474D00578042 = {
						CreatedOnToolsVersion = 8.2.1;
						DevelopmentTeam = 27P587N5XD;
						LastSwiftMigration = 0830;
						ProvisioningStyle = Automatic;
						TestTargetID = 17F7B6531E73474D00578042;
					};
					17F7B6721E73474D00578042 = {
						CreatedOnToolsVersion = 8.2.1;
						DevelopmentTeam = 27P587N5XD;
						LastSwiftMigration = 0830;
						ProvisioningStyle = Automatic;
						TestTargetID = 17F7B6531E73474D00578042;
					};
				};
			};
			buildConfigurationList = 17F7B64F1E73474D00578042 /* Build configuration list for PBXProject "FutLife" */;
			compatibilityVersion = "Xcode 3.2";
			developmentRegion = English;
			hasScannedForEncodings = 0;
			knownRegions = (
				en,
				Base,
			);
			mainGroup = 17F7B64B1E73474D00578042;
			productRefGroup = 17F7B6551E73474D00578042 /* Products */;
			projectDirPath = "";
			projectRoot = "";
			targets = (
				17F7B6531E73474D00578042 /* FutLife */,
				17F7B6671E73474D00578042 /* FutLifeTests */,
				17F7B6721E73474D00578042 /* FutLifeUITests */,
			);
		};
/* End PBXProject section */

/* Begin PBXResourcesBuildPhase section */
		17F7B6521E73474D00578042 /* Resources */ = {
			isa = PBXResourcesBuildPhase;
			buildActionMask = 2147483647;
			files = (
				17399A091F00295200B72EFB /* Info.plist in Resources */,
				17CA01361F4DE23400F3DA35 /* MenuItemsDefinitions.plist in Resources */,
				17E678AE1EF6E5C20001B9FB /* StartUpViewController.xib in Resources */,
				17399A3F1F09D18700B72EFB /* BebasNeue Thin.ttf in Resources */,
				17E678AC1EF6E4860001B9FB /* LaunchScreen.storyboard in Resources */,
				17399A3E1F09D18300B72EFB /* BebasNeue Regular.ttf in Resources */,
				17BFB05D1EF86177002A994E /* RegisterViewController.xib in Resources */,
				17399A401F09D18C00B72EFB /* BebasNeue-Bold.ttf in Resources */,
				1783C41D1F3ABE760065D797 /* PlayersListCell.xib in Resources */,
				17F327F71F3C17E7007223BE /* ChallengesViewController.xib in Resources */,
				17399A0E1F003D0900B72EFB /* ChooseConsoleViewController.xib in Resources */,
				17BFB0511EF6ED36002A994E /* LoginViewController.xib in Resources */,
				17E678AB1EF6E47E0001B9FB /* Main.storyboard in Resources */,
				17399A3D1F09D17F00B72EFB /* BebasNeue Light.otf in Resources */,
				17399A3C1F09D17C00B72EFB /* BebasNeue Book.ttf in Resources */,
				17F51E491F38CF1F00935687 /* HomeViewController.xib in Resources */,
				1783C4161F3ABAE80065D797 /* PlayersListViewController.xib in Resources */,
				17F327F91F3C1870007223BE /* ChallengesCell.xib in Resources */,
				17399A2B1F04C14800B72EFB /* ChooseGameViewController.xib in Resources */,
				17CA01321F4CF1E900F3DA35 /* PlayerOptionsView.xib in Resources */,
				17E678AA1EF6E43C0001B9FB /* Assets.xcassets in Resources */,
				17E678A91EF6E41F0001B9FB /* Images.xcassets in Resources */,
				17001A101F0ADC2C00BF44BD /* ProfileCell.xib in Resources */,
				17CA013B1F4DE6D800F3DA35 /* NavMenuViewController.xib in Resources */,
				17399A471F0AB05B00B72EFB /* ProfileViewController.xib in Resources */,
				17399A2C1F09A92E00B72EFB /* BEBAS___.TTF in Resources */,
			);
			runOnlyForDeploymentPostprocessing = 0;
		};
		17F7B6661E73474D00578042 /* Resources */ = {
			isa = PBXResourcesBuildPhase;
			buildActionMask = 2147483647;
			files = (
			);
			runOnlyForDeploymentPostprocessing = 0;
		};
		17F7B6711E73474D00578042 /* Resources */ = {
			isa = PBXResourcesBuildPhase;
			buildActionMask = 2147483647;
			files = (
			);
			runOnlyForDeploymentPostprocessing = 0;
		};
/* End PBXResourcesBuildPhase section */

/* Begin PBXShellScriptBuildPhase section */
		17297FD21EFA9FC500E2FCE4 /* Increase Build Number */ = {
			isa = PBXShellScriptBuildPhase;
			buildActionMask = 2147483647;
			files = (
			);
			inputPaths = (
			);
			name = "Increase Build Number";
			outputPaths = (
			);
			runOnlyForDeploymentPostprocessing = 0;
			shellPath = /usr/bin/ruby;
			shellScript = "def get_file_as_string(filename)\ndata = ''\nf = File.open(filename, \"r\")\nf.each_line do |line|\ndata += line\nend\nreturn data\nend\n\n\ndef handle_alpha_beta(old_value, letter, infoplist, start_of_value, end_of_value)\nparts = old_value.split(letter)\nversion_num = parts[0]\nalpha_num = parts[1].to_i\n\nalpha_num = alpha_num + 1\nnew_version = version_num.to_s + letter + alpha_num.to_s\nprint \"Assigning new version: \" + new_version + \"\\n\"\nnew_key = \"<string>#{new_version}</string>\"\n\npart_1 = infoplist[0, start_of_value - '<string>'.length];\npart_2 = new_key\npart_3 = infoplist[end_of_value + \"</string>\".length, infoplist.length - (end_of_value - start_of_value + (new_key.length - 1))]\n\nnew_info_plist = part_1 + part_2 + part_3\nnew_info_plist\nend\n\ndef find_and_increment_version_number_with_key(key, infoplist)\n\nstart_of_key = infoplist.index(key)\nstart_of_value = infoplist.index(\"<string>\", start_of_key) + \"<string>\".length\nend_of_value = infoplist.index(\"</string>\", start_of_value)\nold_value = infoplist[start_of_value, end_of_value - start_of_value]\n\nprint \"Old version for \" + key + \": \" + old_value + \"\\n\"\nprint old_value.class.to_s + \"\\n\"\nold_value_int = old_value.to_i\nprint old_value_int.class.to_s + \"\\n\"\nif (old_value.index(\"a\") != nil) # alpha\ninfoplist = handle_alpha_beta(old_value, \"a\", infoplist, start_of_value, end_of_value)\nelsif (old_value.index(\"b\") != nil) # beta\ninfoplist = handle_alpha_beta(old_value, \"b\", infoplist, start_of_value, end_of_value)\nelsif (old_value.index(\".\") != nil) # release dot version\nparts = old_value.split(\".\")\nlast_part = parts.last.to_i\nlast_part = last_part + 1\nparts = parts[0, parts.length - 1]\n\nnew_version = \"\"\nfirst = true\nparts.each do |one_part|\nif (first)\nfirst = false\nelse\nnew_version = new_version + \".\"\nend\nnew_version = new_version + one_part\nend\nnew_version = new_version.to_s + \".\" + last_part.to_s\nprint \"New version: \" + new_version.to_s + \"\\n\"\nnew_key = \"<string>#{new_version}</string>\"\ninfoplist = \"#{infoplist[0, start_of_value - '<string>'.length]}#{new_key}#{infoplist[end_of_value + '</string>'.length, infoplist.length - (end_of_value+1)]}\"\nelsif (old_value.to_i != nil) # straight integer build number\nnew_version = old_value.to_i + 1\nprint \"New version: \" + new_version.to_s + \"\\n\"\nnew_key = \"<string>#{new_version}</string>\"\n\npart_1 = infoplist[0, start_of_value - '<string>'.length]\npart_2 = new_key\npart_3 = infoplist[end_of_value + \"</string>\".length, infoplist.length - (end_of_value+1)]\ninfoplist = part_1 + part_2 + part_3\nend\ninfoplist\nend\n\n\n\nconfig = ENV['CONFIGURATION'].upcase\nconfig_build_dir = ENV['CONFIGURATION_BUILD_DIR']\n\narchive_action = false\nif (config_build_dir.include?(\"ArchiveIntermediates\"))\narchive_action = true\nend\n\nprint \"Archive: \" + archive_action.to_s + \"\\n\"\n\n\nprint config\n\nif (config == \"RELEASE\")\nprint \" incrementing build numbers\\n\"\nproject_dir = ENV['PROJECT_DIR']\ninfoplist_file = ENV['INFOPLIST_FILE']\nplist_filename = \"#{project_dir}/#{infoplist_file}\"\n\ninfoplist = get_file_as_string(infoplist_file)\ninfoplist = find_and_increment_version_number_with_key(\"CFBundleVersion\", infoplist)\nif (archive_action)\ninfoplist = find_and_increment_version_number_with_key(\"CFBundleShortVersionString\", infoplist)\nend\nFile.open(infoplist_file, 'w') {|f| f.write(infoplist) }\nelse\nprint \" not incrementing build numbers\"\nend\n";
			showEnvVarsInLog = 0;
		};
		415CE6E6BBAE11C50CE5979E /* [CP] Check Pods Manifest.lock */ = {
			isa = PBXShellScriptBuildPhase;
			buildActionMask = 2147483647;
			files = (
			);
			inputPaths = (
			);
			name = "[CP] Check Pods Manifest.lock";
			outputPaths = (
			);
			runOnlyForDeploymentPostprocessing = 0;
			shellPath = /bin/sh;
			shellScript = "diff \"${PODS_PODFILE_DIR_PATH}/Podfile.lock\" \"${PODS_ROOT}/Manifest.lock\" > /dev/null\nif [ $? != 0 ] ; then\n    # print error to STDERR\n    echo \"error: The sandbox is not in sync with the Podfile.lock. Run 'pod install' or update your CocoaPods installation.\" >&2\n    exit 1\nfi\n";
			showEnvVarsInLog = 0;
		};
		A7CB57F1D0714F4DE0528383 /* [CP] Embed Pods Frameworks */ = {
			isa = PBXShellScriptBuildPhase;
			buildActionMask = 2147483647;
			files = (
			);
			inputPaths = (
			);
			name = "[CP] Embed Pods Frameworks";
			outputPaths = (
			);
			runOnlyForDeploymentPostprocessing = 0;
			shellPath = /bin/sh;
			shellScript = "\"${SRCROOT}/Pods/Target Support Files/Pods-FutLife/Pods-FutLife-frameworks.sh\"\n";
			showEnvVarsInLog = 0;
		};
		C8CFDA223DB8E542A9FD19DC /* [CP] Copy Pods Resources */ = {
			isa = PBXShellScriptBuildPhase;
			buildActionMask = 2147483647;
			files = (
			);
			inputPaths = (
			);
			name = "[CP] Copy Pods Resources";
			outputPaths = (
			);
			runOnlyForDeploymentPostprocessing = 0;
			shellPath = /bin/sh;
			shellScript = "\"${SRCROOT}/Pods/Target Support Files/Pods-FutLife/Pods-FutLife-resources.sh\"\n";
			showEnvVarsInLog = 0;
		};
/* End PBXShellScriptBuildPhase section */

/* Begin PBXSourcesBuildPhase section */
		17F7B6501E73474D00578042 /* Sources */ = {
			isa = PBXSourcesBuildPhase;
			buildActionMask = 2147483647;
			files = (
				170104581EC2BAC3002E6767 /* Platform.swift in Sources */,
				17E678B01EF6E6320001B9FB /* ViewController.swift in Sources */,
				17BFB0561EF8377F002A994E /* UIViewController+Utils.swift in Sources */,
				17001A121F0ADC5800BF44BD /* ProfileCell.swift in Sources */,
				1701045C1EC2BC91002E6767 /* Game.swift in Sources */,
				1701045E1EC2C01C002E6767 /* ApiManager.swift in Sources */,
				173BDE7C1F12D9C60050D179 /* Preferences.swift in Sources */,
				17399A081F00295200B72EFB /* iCarousel.m in Sources */,
				17F51E4B1F391D9300935687 /* ChallengesModel.swift in Sources */,
				17399A451F0AB00F00B72EFB /* ProfileViewController.swift in Sources */,
				179961541EF61BCC00853DB7 /* FieldValidations.swift in Sources */,
				1799615A1EF6DAB600853DB7 /* LoginViewController.swift in Sources */,
				173999FF1EFF1FB800B72EFB /* CarouselViewController.swift in Sources */,
				17363C931EF3A4D2006888EE /* TextField.swift in Sources */,
				1734192B1EC568FD003B2909 /* Model.swift in Sources */,
				1783C41B1F3ABE100065D797 /* PlayersListCell.swift in Sources */,
				17CA012E1F4CE39100F3DA35 /* PlayerListProtocol.swift in Sources */,
				17363C911EF20211006888EE /* InputFormManager.swift in Sources */,
				17297FD11EFA25F300E2FCE4 /* LoginModel.swift in Sources */,
				17F51E421F380D7700935687 /* TabsViewController.swift in Sources */,
				17E60A7F1E735FD2007D7CCD /* StartUpViewController.swift in Sources */,
				17363C951EF3B3A4006888EE /* Utils.swift in Sources */,
				1701045A1EC2BC80002E6767 /* Console.swift in Sources */,
				170104551EC2A8CC002E6767 /* ConfigurationParameters.swift in Sources */,
				17399A241F04A4B200B72EFB /* LocalDataManager.swift in Sources */,
				1783C41F1F3AC49F0065D797 /* PlayersModel.swift in Sources */,
				17399A141F0367AD00B72EFB /* UIFont+Utils.swift in Sources */,
				17399A0C1F003CA200B72EFB /* ChooseConsoleViewController.swift in Sources */,
				17BFB05B1EF86104002A994E /* RegisterViewController.swift in Sources */,
				17399A121F03616100B72EFB /* Array+Utils.swift in Sources */,
				173999FC1EFCB0AD00B72EFB /* RegisterModel.swift in Sources */,
				17BFB0581EF838C0002A994E /* Error.swift in Sources */,
				170104511EC0232C002E6767 /* ApiRouter.swift in Sources */,
				17F51E471F38C7D600935687 /* HomeViewController.swift in Sources */,
				17001A0D1F0ADB3B00BF44BD /* CustomTableViewCell.swift in Sources */,
				17399A261F04A7F600B72EFB /* UserDefaults+Extension.swift in Sources */,
				17297FCF1EFA20B100E2FCE4 /* LoginManager.swift in Sources */,
				17F7B6581E73474D00578042 /* AppDelegate.swift in Sources */,
				17CA01301F4CF1C800F3DA35 /* PlayerOptionsView.swift in Sources */,
				17001A141F0B2B9800BF44BD /* RegisterAvatar.swift in Sources */,
				17CA01341F4DDF8800F3DA35 /* MenuManager.swift in Sources */,
				17BFB0541EF762A3002A994E /* Constants.swift in Sources */,
				1783C4141F3ABA280065D797 /* PlayersListViewController.swift in Sources */,
				17001A051F0AC15B00BF44BD /* UIView+Extension.swift in Sources */,
				179961571EF6292A00853DB7 /* String+Utils.swift in Sources */,
				170104531EC02398002E6767 /* Config.swift in Sources */,
				17F51E441F381D3500935687 /* UIColor+Extension.swift in Sources */,
				17F327F51F3C15A3007223BE /* ChallengesCell.swift in Sources */,
				17399A291F04C11F00B72EFB /* ChooseGameViewController.swift in Sources */,
				173419291EC5676D003B2909 /* User.swift in Sources */,
				17399A421F0A015F00B72EFB /* SessionDataManager.swift in Sources */,
				17F327F21F3C13BF007223BE /* ChallengesViewController.swift in Sources */,
				17363C8F1EF1FBA6006888EE /* FormViewController.swift in Sources */,
				17CA01391F4DE66300F3DA35 /* NavMenuViewController.swift in Sources */,
			);
			runOnlyForDeploymentPostprocessing = 0;
		};
		17F7B6641E73474D00578042 /* Sources */ = {
			isa = PBXSourcesBuildPhase;
			buildActionMask = 2147483647;
			files = (
				17F7B66D1E73474D00578042 /* FutLifeTests.swift in Sources */,
			);
			runOnlyForDeploymentPostprocessing = 0;
		};
		17F7B66F1E73474D00578042 /* Sources */ = {
			isa = PBXSourcesBuildPhase;
			buildActionMask = 2147483647;
			files = (
				17F7B6781E73474D00578042 /* FutLifeUITests.swift in Sources */,
			);
			runOnlyForDeploymentPostprocessing = 0;
		};
/* End PBXSourcesBuildPhase section */

/* Begin PBXTargetDependency section */
		17F7B66A1E73474D00578042 /* PBXTargetDependency */ = {
			isa = PBXTargetDependency;
			target = 17F7B6531E73474D00578042 /* FutLife */;
			targetProxy = 17F7B6691E73474D00578042 /* PBXContainerItemProxy */;
		};
		17F7B6751E73474D00578042 /* PBXTargetDependency */ = {
			isa = PBXTargetDependency;
			target = 17F7B6531E73474D00578042 /* FutLife */;
			targetProxy = 17F7B6741E73474D00578042 /* PBXContainerItemProxy */;
		};
/* End PBXTargetDependency section */

/* Begin PBXVariantGroup section */
		17F7B65B1E73474D00578042 /* Main.storyboard */ = {
			isa = PBXVariantGroup;
			children = (
				17F7B65C1E73474D00578042 /* Base */,
			);
			name = Main.storyboard;
			sourceTree = "<group>";
		};
		17F7B6601E73474D00578042 /* LaunchScreen.storyboard */ = {
			isa = PBXVariantGroup;
			children = (
				17F7B6611E73474D00578042 /* Base */,
			);
			name = LaunchScreen.storyboard;
			sourceTree = "<group>";
		};
/* End PBXVariantGroup section */

/* Begin XCBuildConfiguration section */
		17F7B67A1E73474D00578042 /* Debug */ = {
			isa = XCBuildConfiguration;
			buildSettings = {
				ALWAYS_SEARCH_USER_PATHS = NO;
				CLANG_ANALYZER_NONNULL = YES;
				CLANG_CXX_LANGUAGE_STANDARD = "gnu++0x";
				CLANG_CXX_LIBRARY = "libc++";
				CLANG_ENABLE_MODULES = YES;
				CLANG_ENABLE_OBJC_ARC = YES;
				CLANG_WARN_BOOL_CONVERSION = YES;
				CLANG_WARN_CONSTANT_CONVERSION = YES;
				CLANG_WARN_DIRECT_OBJC_ISA_USAGE = YES_ERROR;
				CLANG_WARN_DOCUMENTATION_COMMENTS = YES;
				CLANG_WARN_EMPTY_BODY = YES;
				CLANG_WARN_ENUM_CONVERSION = YES;
				CLANG_WARN_INFINITE_RECURSION = YES;
				CLANG_WARN_INT_CONVERSION = YES;
				CLANG_WARN_OBJC_ROOT_CLASS = YES_ERROR;
				CLANG_WARN_SUSPICIOUS_MOVE = YES;
				CLANG_WARN_UNREACHABLE_CODE = YES;
				CLANG_WARN__DUPLICATE_METHOD_MATCH = YES;
				"CODE_SIGN_IDENTITY[sdk=iphoneos*]" = "iPhone Developer";
				COPY_PHASE_STRIP = NO;
				DEBUG_INFORMATION_FORMAT = dwarf;
				ENABLE_STRICT_OBJC_MSGSEND = YES;
				ENABLE_TESTABILITY = YES;
				GCC_C_LANGUAGE_STANDARD = gnu99;
				GCC_DYNAMIC_NO_PIC = NO;
				GCC_NO_COMMON_BLOCKS = YES;
				GCC_OPTIMIZATION_LEVEL = 0;
				GCC_PREPROCESSOR_DEFINITIONS = (
					"DEBUG=1",
					"$(inherited)",
				);
				GCC_WARN_64_TO_32_BIT_CONVERSION = YES;
				GCC_WARN_ABOUT_RETURN_TYPE = YES_ERROR;
				GCC_WARN_UNDECLARED_SELECTOR = YES;
				GCC_WARN_UNINITIALIZED_AUTOS = YES_AGGRESSIVE;
				GCC_WARN_UNUSED_FUNCTION = YES;
				GCC_WARN_UNUSED_VARIABLE = YES;
				IPHONEOS_DEPLOYMENT_TARGET = 10.2;
				MTL_ENABLE_DEBUG_INFO = YES;
				ONLY_ACTIVE_ARCH = YES;
				SDKROOT = iphoneos;
				SWIFT_ACTIVE_COMPILATION_CONDITIONS = DEBUG;
				SWIFT_OPTIMIZATION_LEVEL = "-Onone";
			};
			name = Debug;
		};
		17F7B67B1E73474D00578042 /* Release */ = {
			isa = XCBuildConfiguration;
			buildSettings = {
				ALWAYS_SEARCH_USER_PATHS = NO;
				CLANG_ANALYZER_NONNULL = YES;
				CLANG_CXX_LANGUAGE_STANDARD = "gnu++0x";
				CLANG_CXX_LIBRARY = "libc++";
				CLANG_ENABLE_MODULES = YES;
				CLANG_ENABLE_OBJC_ARC = YES;
				CLANG_WARN_BOOL_CONVERSION = YES;
				CLANG_WARN_CONSTANT_CONVERSION = YES;
				CLANG_WARN_DIRECT_OBJC_ISA_USAGE = YES_ERROR;
				CLANG_WARN_DOCUMENTATION_COMMENTS = YES;
				CLANG_WARN_EMPTY_BODY = YES;
				CLANG_WARN_ENUM_CONVERSION = YES;
				CLANG_WARN_INFINITE_RECURSION = YES;
				CLANG_WARN_INT_CONVERSION = YES;
				CLANG_WARN_OBJC_ROOT_CLASS = YES_ERROR;
				CLANG_WARN_SUSPICIOUS_MOVE = YES;
				CLANG_WARN_UNREACHABLE_CODE = YES;
				CLANG_WARN__DUPLICATE_METHOD_MATCH = YES;
				"CODE_SIGN_IDENTITY[sdk=iphoneos*]" = "iPhone Developer";
				COPY_PHASE_STRIP = NO;
				DEBUG_INFORMATION_FORMAT = "dwarf-with-dsym";
				ENABLE_NS_ASSERTIONS = NO;
				ENABLE_STRICT_OBJC_MSGSEND = YES;
				GCC_C_LANGUAGE_STANDARD = gnu99;
				GCC_NO_COMMON_BLOCKS = YES;
				GCC_WARN_64_TO_32_BIT_CONVERSION = YES;
				GCC_WARN_ABOUT_RETURN_TYPE = YES_ERROR;
				GCC_WARN_UNDECLARED_SELECTOR = YES;
				GCC_WARN_UNINITIALIZED_AUTOS = YES_AGGRESSIVE;
				GCC_WARN_UNUSED_FUNCTION = YES;
				GCC_WARN_UNUSED_VARIABLE = YES;
				IPHONEOS_DEPLOYMENT_TARGET = 10.2;
				MTL_ENABLE_DEBUG_INFO = NO;
				SDKROOT = iphoneos;
				SWIFT_OPTIMIZATION_LEVEL = "-Owholemodule";
				VALIDATE_PRODUCT = YES;
			};
			name = Release;
		};
		17F7B67D1E73474D00578042 /* Debug */ = {
			isa = XCBuildConfiguration;
			baseConfigurationReference = FF5EECAB185C257486B8E1A9 /* Pods-FutLife.debug.xcconfig */;
			buildSettings = {
				ASSETCATALOG_COMPILER_APPICON_NAME = AppIcon;
				ASSETCATALOG_COMPILER_LAUNCHIMAGE_NAME = LaunchImage;
				CLANG_ENABLE_MODULES = YES;
				"CODE_SIGN_IDENTITY[sdk=iphoneos*]" = "iPhone Developer";
				DEVELOPMENT_TEAM = L3XQ85T9WB;
				INFOPLIST_FILE = "$(SRCROOT)/FutLife/Resources/Info.plist";
				IPHONEOS_DEPLOYMENT_TARGET = 9.0;
				LD_RUNPATH_SEARCH_PATHS = "$(inherited) @executable_path/Frameworks";
				PRODUCT_BUNDLE_IDENTIFIER = com.staging.futlife;
				PRODUCT_NAME = "$(TARGET_NAME)";
				PROVISIONING_PROFILE_SPECIFIER = "";
				SWIFT_OBJC_BRIDGING_HEADER = "FutLife/FutLife-Bridging-Header.h";
				SWIFT_OPTIMIZATION_LEVEL = "-Onone";
				SWIFT_VERSION = 3.0;
			};
			name = Debug;
		};
		17F7B67E1E73474D00578042 /* Release */ = {
			isa = XCBuildConfiguration;
			baseConfigurationReference = 1C32FB6C87B21B8000DA6626 /* Pods-FutLife.release.xcconfig */;
			buildSettings = {
				ASSETCATALOG_COMPILER_APPICON_NAME = AppIcon;
				ASSETCATALOG_COMPILER_LAUNCHIMAGE_NAME = LaunchImage;
				CLANG_ENABLE_MODULES = YES;
				"CODE_SIGN_IDENTITY[sdk=iphoneos*]" = "iPhone Developer";
				DEVELOPMENT_TEAM = L3XQ85T9WB;
				INFOPLIST_FILE = "$(SRCROOT)/FutLife/Resources/Info.plist";
				IPHONEOS_DEPLOYMENT_TARGET = 9.0;
				LD_RUNPATH_SEARCH_PATHS = "$(inherited) @executable_path/Frameworks";
				PRODUCT_BUNDLE_IDENTIFIER = com.staging.futlife;
				PRODUCT_NAME = "$(TARGET_NAME)";
				PROVISIONING_PROFILE_SPECIFIER = "";
				SWIFT_OBJC_BRIDGING_HEADER = "FutLife/FutLife-Bridging-Header.h";
				SWIFT_VERSION = 3.0;
			};
			name = Release;
		};
		17F7B6801E73474D00578042 /* Debug */ = {
			isa = XCBuildConfiguration;
			buildSettings = {
				ALWAYS_EMBED_SWIFT_STANDARD_LIBRARIES = YES;
				BUNDLE_LOADER = "$(TEST_HOST)";
				DEVELOPMENT_TEAM = 27P587N5XD;
				INFOPLIST_FILE = "FutLife SwiftTests/Info.plist";
				LD_RUNPATH_SEARCH_PATHS = "$(inherited) @executable_path/Frameworks @loader_path/Frameworks";
				PRODUCT_BUNDLE_IDENTIFIER = "com.ideamosWeb.FutLife-Swift.FutLife-SwiftTests";
				PRODUCT_NAME = "$(TARGET_NAME)";
				SWIFT_VERSION = 3.0;
				TEST_HOST = "$(BUILT_PRODUCTS_DIR)/FutLife.app/FutLife";
			};
			name = Debug;
		};
		17F7B6811E73474D00578042 /* Release */ = {
			isa = XCBuildConfiguration;
			buildSettings = {
				ALWAYS_EMBED_SWIFT_STANDARD_LIBRARIES = YES;
				BUNDLE_LOADER = "$(TEST_HOST)";
				DEVELOPMENT_TEAM = 27P587N5XD;
				INFOPLIST_FILE = "FutLife SwiftTests/Info.plist";
				LD_RUNPATH_SEARCH_PATHS = "$(inherited) @executable_path/Frameworks @loader_path/Frameworks";
				PRODUCT_BUNDLE_IDENTIFIER = "com.ideamosWeb.FutLife-Swift.FutLife-SwiftTests";
				PRODUCT_NAME = "$(TARGET_NAME)";
				SWIFT_VERSION = 3.0;
				TEST_HOST = "$(BUILT_PRODUCTS_DIR)/FutLife.app/FutLife";
			};
			name = Release;
		};
		17F7B6831E73474D00578042 /* Debug */ = {
			isa = XCBuildConfiguration;
			buildSettings = {
				ALWAYS_EMBED_SWIFT_STANDARD_LIBRARIES = YES;
				DEVELOPMENT_TEAM = 27P587N5XD;
				INFOPLIST_FILE = "FutLife SwiftUITests/Info.plist";
				LD_RUNPATH_SEARCH_PATHS = "$(inherited) @executable_path/Frameworks @loader_path/Frameworks";
				PRODUCT_BUNDLE_IDENTIFIER = "com.ideamosWeb.FutLife-Swift.FutLife-SwiftUITests";
				PRODUCT_NAME = "$(TARGET_NAME)";
				SWIFT_VERSION = 3.0;
				TEST_TARGET_NAME = "FutLife Swift";
			};
			name = Debug;
		};
		17F7B6841E73474D00578042 /* Release */ = {
			isa = XCBuildConfiguration;
			buildSettings = {
				ALWAYS_EMBED_SWIFT_STANDARD_LIBRARIES = YES;
				DEVELOPMENT_TEAM = 27P587N5XD;
				INFOPLIST_FILE = "FutLife SwiftUITests/Info.plist";
				LD_RUNPATH_SEARCH_PATHS = "$(inherited) @executable_path/Frameworks @loader_path/Frameworks";
				PRODUCT_BUNDLE_IDENTIFIER = "com.ideamosWeb.FutLife-Swift.FutLife-SwiftUITests";
				PRODUCT_NAME = "$(TARGET_NAME)";
				SWIFT_VERSION = 3.0;
				TEST_TARGET_NAME = "FutLife Swift";
			};
			name = Release;
		};
/* End XCBuildConfiguration section */

/* Begin XCConfigurationList section */
		17F7B64F1E73474D00578042 /* Build configuration list for PBXProject "FutLife" */ = {
			isa = XCConfigurationList;
			buildConfigurations = (
				17F7B67A1E73474D00578042 /* Debug */,
				17F7B67B1E73474D00578042 /* Release */,
			);
			defaultConfigurationIsVisible = 0;
			defaultConfigurationName = Release;
		};
		17F7B67C1E73474D00578042 /* Build configuration list for PBXNativeTarget "FutLife" */ = {
			isa = XCConfigurationList;
			buildConfigurations = (
				17F7B67D1E73474D00578042 /* Debug */,
				17F7B67E1E73474D00578042 /* Release */,
			);
			defaultConfigurationIsVisible = 0;
			defaultConfigurationName = Release;
		};
		17F7B67F1E73474D00578042 /* Build configuration list for PBXNativeTarget "FutLifeTests" */ = {
			isa = XCConfigurationList;
			buildConfigurations = (
				17F7B6801E73474D00578042 /* Debug */,
				17F7B6811E73474D00578042 /* Release */,
			);
			defaultConfigurationIsVisible = 0;
			defaultConfigurationName = Release;
		};
		17F7B6821E73474D00578042 /* Build configuration list for PBXNativeTarget "FutLifeUITests" */ = {
			isa = XCConfigurationList;
			buildConfigurations = (
				17F7B6831E73474D00578042 /* Debug */,
				17F7B6841E73474D00578042 /* Release */,
			);
			defaultConfigurationIsVisible = 0;
			defaultConfigurationName = Release;
		};
/* End XCConfigurationList section */
	};
	rootObject = 17F7B64C1E73474D00578042 /* Project object */;
}
