// !$*UTF8*$!
{
	archiveVersion = 1;
	classes = {
	};
	objectVersion = 46;
	objects = {

/* Begin PBXBuildFile section */
		170104511EC0232C002E6767 /* ApiRouter.swift in Sources */ = {isa = PBXBuildFile; fileRef = 170104501EC0232C002E6767 /* ApiRouter.swift */; };
		170104531EC02398002E6767 /* Config.swift in Sources */ = {isa = PBXBuildFile; fileRef = 170104521EC02398002E6767 /* Config.swift */; };
		170104551EC2A8CC002E6767 /* ConfigurationParameters.swift in Sources */ = {isa = PBXBuildFile; fileRef = 170104541EC2A8CC002E6767 /* ConfigurationParameters.swift */; };
		170104581EC2BAC3002E6767 /* Platform.swift in Sources */ = {isa = PBXBuildFile; fileRef = 170104571EC2BAC3002E6767 /* Platform.swift */; };
		1701045A1EC2BC80002E6767 /* Console.swift in Sources */ = {isa = PBXBuildFile; fileRef = 170104591EC2BC80002E6767 /* Console.swift */; };
		1701045C1EC2BC91002E6767 /* Game.swift in Sources */ = {isa = PBXBuildFile; fileRef = 1701045B1EC2BC91002E6767 /* Game.swift */; };
		1701045E1EC2C01C002E6767 /* ApiManager.swift in Sources */ = {isa = PBXBuildFile; fileRef = 1701045D1EC2C01C002E6767 /* ApiManager.swift */; };
		173419291EC5676D003B2909 /* User.swift in Sources */ = {isa = PBXBuildFile; fileRef = 173419281EC5676D003B2909 /* User.swift */; };
		1734192B1EC568FD003B2909 /* Model.swift in Sources */ = {isa = PBXBuildFile; fileRef = 1734192A1EC568FD003B2909 /* Model.swift */; };
		17363C8F1EF1FBA6006888EE /* FormViewController.swift in Sources */ = {isa = PBXBuildFile; fileRef = 17363C8E1EF1FBA6006888EE /* FormViewController.swift */; };
		17363C911EF20211006888EE /* InputFormManager.swift in Sources */ = {isa = PBXBuildFile; fileRef = 17363C901EF20211006888EE /* InputFormManager.swift */; };
		17363C931EF3A4D2006888EE /* TextField.swift in Sources */ = {isa = PBXBuildFile; fileRef = 17363C921EF3A4D2006888EE /* TextField.swift */; };
		17363C951EF3B3A4006888EE /* Utils.swift in Sources */ = {isa = PBXBuildFile; fileRef = 17363C941EF3B3A4006888EE /* Utils.swift */; };
		179961541EF61BCC00853DB7 /* FieldValidations.swift in Sources */ = {isa = PBXBuildFile; fileRef = 179961531EF61BCC00853DB7 /* FieldValidations.swift */; };
		179961571EF6292A00853DB7 /* String+Utils.swift in Sources */ = {isa = PBXBuildFile; fileRef = 179961561EF6292A00853DB7 /* String+Utils.swift */; };
		1799615A1EF6DAB600853DB7 /* LoginViewController.swift in Sources */ = {isa = PBXBuildFile; fileRef = 179961591EF6DAB600853DB7 /* LoginViewController.swift */; };
		17E60A7F1E735FD2007D7CCD /* StartUpViewController.swift in Sources */ = {isa = PBXBuildFile; fileRef = 17E60A7E1E735FD2007D7CCD /* StartUpViewController.swift */; };
		17E678A91EF6E41F0001B9FB /* Images.xcassets in Resources */ = {isa = PBXBuildFile; fileRef = 170104611EC2C4B5002E6767 /* Images.xcassets */; };
		17E678AA1EF6E43C0001B9FB /* Assets.xcassets in Resources */ = {isa = PBXBuildFile; fileRef = 17F7B65E1E73474D00578042 /* Assets.xcassets */; };
		17E678AB1EF6E47E0001B9FB /* Main.storyboard in Resources */ = {isa = PBXBuildFile; fileRef = 17F7B65B1E73474D00578042 /* Main.storyboard */; };
		17E678AC1EF6E4860001B9FB /* LaunchScreen.storyboard in Resources */ = {isa = PBXBuildFile; fileRef = 17F7B6601E73474D00578042 /* LaunchScreen.storyboard */; };
		17E678AE1EF6E5C20001B9FB /* StartUpViewController.xib in Resources */ = {isa = PBXBuildFile; fileRef = 17E678AD1EF6E5C20001B9FB /* StartUpViewController.xib */; };
		17E678B01EF6E6320001B9FB /* ViewController.swift in Sources */ = {isa = PBXBuildFile; fileRef = 17E678AF1EF6E6320001B9FB /* ViewController.swift */; };
		17F7B6581E73474D00578042 /* AppDelegate.swift in Sources */ = {isa = PBXBuildFile; fileRef = 17F7B6571E73474D00578042 /* AppDelegate.swift */; };
		17F7B66D1E73474D00578042 /* FutLifeTests.swift in Sources */ = {isa = PBXBuildFile; fileRef = 17F7B66C1E73474D00578042 /* FutLifeTests.swift */; };
		17F7B6781E73474D00578042 /* FutLifeUITests.swift in Sources */ = {isa = PBXBuildFile; fileRef = 17F7B6771E73474D00578042 /* FutLifeUITests.swift */; };
		B3DDC6BD67F21EAE4AC4C6F4 /* Pods_FutLife.framework in Frameworks */ = {isa = PBXBuildFile; fileRef = 54E972938F4543AFEC752E34 /* Pods_FutLife.framework */; };
/* End PBXBuildFile section */

/* Begin PBXContainerItemProxy section */
		17F7B6691E73474D00578042 /* PBXContainerItemProxy */ = {
			isa = PBXContainerItemProxy;
			containerPortal = 17F7B64C1E73474D00578042 /* Project object */;
			proxyType = 1;
			remoteGlobalIDString = 17F7B6531E73474D00578042;
			remoteInfo = "FutLife Swift";
		};
		17F7B6741E73474D00578042 /* PBXContainerItemProxy */ = {
			isa = PBXContainerItemProxy;
			containerPortal = 17F7B64C1E73474D00578042 /* Project object */;
			proxyType = 1;
			remoteGlobalIDString = 17F7B6531E73474D00578042;
			remoteInfo = "FutLife Swift";
		};
/* End PBXContainerItemProxy section */

/* Begin PBXFileReference section */
		170104501EC0232C002E6767 /* ApiRouter.swift */ = {isa = PBXFileReference; fileEncoding = 4; lastKnownFileType = sourcecode.swift; name = ApiRouter.swift; path = Common/Api/ApiRouter.swift; sourceTree = "<group>"; };
		170104521EC02398002E6767 /* Config.swift */ = {isa = PBXFileReference; fileEncoding = 4; lastKnownFileType = sourcecode.swift; name = Config.swift; path = Common/Config.swift; sourceTree = "<group>"; };
		170104541EC2A8CC002E6767 /* ConfigurationParameters.swift */ = {isa = PBXFileReference; fileEncoding = 4; lastKnownFileType = sourcecode.swift; name = ConfigurationParameters.swift; path = Models/ConfigurationParameters.swift; sourceTree = "<group>"; };
		170104571EC2BAC3002E6767 /* Platform.swift */ = {isa = PBXFileReference; fileEncoding = 4; lastKnownFileType = sourcecode.swift; name = Platform.swift; path = Models/Platform.swift; sourceTree = "<group>"; };
		170104591EC2BC80002E6767 /* Console.swift */ = {isa = PBXFileReference; fileEncoding = 4; lastKnownFileType = sourcecode.swift; name = Console.swift; path = Models/Console.swift; sourceTree = "<group>"; };
		1701045B1EC2BC91002E6767 /* Game.swift */ = {isa = PBXFileReference; fileEncoding = 4; lastKnownFileType = sourcecode.swift; name = Game.swift; path = Models/Game.swift; sourceTree = "<group>"; };
		1701045D1EC2C01C002E6767 /* ApiManager.swift */ = {isa = PBXFileReference; fileEncoding = 4; lastKnownFileType = sourcecode.swift; name = ApiManager.swift; path = Common/Api/ApiManager.swift; sourceTree = "<group>"; };
		1701045F1EC2C332002E6767 /* Info.plist */ = {isa = PBXFileReference; fileEncoding = 4; lastKnownFileType = text.plist.xml; name = Info.plist; path = Resources/Info.plist; sourceTree = "<group>"; };
		170104611EC2C4B5002E6767 /* Images.xcassets */ = {isa = PBXFileReference; lastKnownFileType = folder.assetcatalog; name = Images.xcassets; path = Resources/Images.xcassets; sourceTree = "<group>"; };
		173419281EC5676D003B2909 /* User.swift */ = {isa = PBXFileReference; fileEncoding = 4; lastKnownFileType = sourcecode.swift; name = User.swift; path = Models/User.swift; sourceTree = "<group>"; };
		1734192A1EC568FD003B2909 /* Model.swift */ = {isa = PBXFileReference; fileEncoding = 4; lastKnownFileType = sourcecode.swift; name = Model.swift; path = Models/Model.swift; sourceTree = "<group>"; };
		17363C8E1EF1FBA6006888EE /* FormViewController.swift */ = {isa = PBXFileReference; fileEncoding = 4; lastKnownFileType = sourcecode.swift; name = FormViewController.swift; path = Common/Form/FormViewController.swift; sourceTree = "<group>"; };
		17363C901EF20211006888EE /* InputFormManager.swift */ = {isa = PBXFileReference; fileEncoding = 4; lastKnownFileType = sourcecode.swift; name = InputFormManager.swift; path = Common/Form/InputFormManager.swift; sourceTree = "<group>"; };
		17363C921EF3A4D2006888EE /* TextField.swift */ = {isa = PBXFileReference; fileEncoding = 4; lastKnownFileType = sourcecode.swift; name = TextField.swift; path = Common/Form/TextField.swift; sourceTree = "<group>"; };
		17363C941EF3B3A4006888EE /* Utils.swift */ = {isa = PBXFileReference; fileEncoding = 4; lastKnownFileType = sourcecode.swift; name = Utils.swift; path = Common/Utils.swift; sourceTree = "<group>"; };
		179961531EF61BCC00853DB7 /* FieldValidations.swift */ = {isa = PBXFileReference; fileEncoding = 4; lastKnownFileType = sourcecode.swift; name = FieldValidations.swift; path = Common/Form/FieldValidations.swift; sourceTree = "<group>"; };
		179961561EF6292A00853DB7 /* String+Utils.swift */ = {isa = PBXFileReference; fileEncoding = 4; lastKnownFileType = sourcecode.swift; name = "String+Utils.swift"; path = "Common/Extensions/String+Utils.swift"; sourceTree = "<group>"; };
		179961591EF6DAB600853DB7 /* LoginViewController.swift */ = {isa = PBXFileReference; fileEncoding = 4; lastKnownFileType = sourcecode.swift; name = LoginViewController.swift; path = Controllers/Login/LoginViewController.swift; sourceTree = "<group>"; };
		17E60A7E1E735FD2007D7CCD /* StartUpViewController.swift */ = {isa = PBXFileReference; fileEncoding = 4; lastKnownFileType = sourcecode.swift; name = StartUpViewController.swift; path = Controllers/StartUp/StartUpViewController.swift; sourceTree = "<group>"; };
		17E678AD1EF6E5C20001B9FB /* StartUpViewController.xib */ = {isa = PBXFileReference; fileEncoding = 4; lastKnownFileType = file.xib; name = StartUpViewController.xib; path = Controllers/StartUp/StartUpViewController.xib; sourceTree = "<group>"; };
		17E678AF1EF6E6320001B9FB /* ViewController.swift */ = {isa = PBXFileReference; fileEncoding = 4; lastKnownFileType = sourcecode.swift; name = ViewController.swift; path = Controllers/ViewController.swift; sourceTree = "<group>"; };
		17F7B6541E73474D00578042 /* FutLife.app */ = {isa = PBXFileReference; explicitFileType = wrapper.application; includeInIndex = 0; path = FutLife.app; sourceTree = BUILT_PRODUCTS_DIR; };
		17F7B6571E73474D00578042 /* AppDelegate.swift */ = {isa = PBXFileReference; lastKnownFileType = sourcecode.swift; path = AppDelegate.swift; sourceTree = "<group>"; };
		17F7B65C1E73474D00578042 /* Base */ = {isa = PBXFileReference; lastKnownFileType = file.storyboard; name = Base; path = Base.lproj/Main.storyboard; sourceTree = "<group>"; };
		17F7B65E1E73474D00578042 /* Assets.xcassets */ = {isa = PBXFileReference; lastKnownFileType = folder.assetcatalog; name = Assets.xcassets; path = Resources/Assets.xcassets; sourceTree = "<group>"; };
		17F7B6611E73474D00578042 /* Base */ = {isa = PBXFileReference; lastKnownFileType = file.storyboard; name = Base; path = Base.lproj/LaunchScreen.storyboard; sourceTree = "<group>"; };
		17F7B6681E73474D00578042 /* FutLifeTests.xctest */ = {isa = PBXFileReference; explicitFileType = wrapper.cfbundle; includeInIndex = 0; path = FutLifeTests.xctest; sourceTree = BUILT_PRODUCTS_DIR; };
		17F7B66C1E73474D00578042 /* FutLifeTests.swift */ = {isa = PBXFileReference; lastKnownFileType = sourcecode.swift; path = FutLifeTests.swift; sourceTree = "<group>"; };
		17F7B66E1E73474D00578042 /* Info.plist */ = {isa = PBXFileReference; lastKnownFileType = text.plist.xml; path = Info.plist; sourceTree = "<group>"; };
		17F7B6731E73474D00578042 /* FutLifeUITests.xctest */ = {isa = PBXFileReference; explicitFileType = wrapper.cfbundle; includeInIndex = 0; path = FutLifeUITests.xctest; sourceTree = BUILT_PRODUCTS_DIR; };
		17F7B6771E73474D00578042 /* FutLifeUITests.swift */ = {isa = PBXFileReference; lastKnownFileType = sourcecode.swift; path = FutLifeUITests.swift; sourceTree = "<group>"; };
		17F7B6791E73474D00578042 /* Info.plist */ = {isa = PBXFileReference; lastKnownFileType = text.plist.xml; path = Info.plist; sourceTree = "<group>"; };
		1C32FB6C87B21B8000DA6626 /* Pods-FutLife.release.xcconfig */ = {isa = PBXFileReference; includeInIndex = 1; lastKnownFileType = text.xcconfig; name = "Pods-FutLife.release.xcconfig"; path = "Pods/Target Support Files/Pods-FutLife/Pods-FutLife.release.xcconfig"; sourceTree = "<group>"; };
		54E972938F4543AFEC752E34 /* Pods_FutLife.framework */ = {isa = PBXFileReference; explicitFileType = wrapper.framework; includeInIndex = 0; path = Pods_FutLife.framework; sourceTree = BUILT_PRODUCTS_DIR; };
		79140749D98EEF1DD7D66E57 /* Pods-FutLife Swift.debug.xcconfig */ = {isa = PBXFileReference; includeInIndex = 1; lastKnownFileType = text.xcconfig; name = "Pods-FutLife Swift.debug.xcconfig"; path = "Pods/Target Support Files/Pods-FutLife Swift/Pods-FutLife Swift.debug.xcconfig"; sourceTree = "<group>"; };
		8EAB5FABE53C032C619AD16D /* Pods_FutLife_Swift.framework */ = {isa = PBXFileReference; explicitFileType = wrapper.framework; includeInIndex = 0; path = Pods_FutLife_Swift.framework; sourceTree = BUILT_PRODUCTS_DIR; };
		C3599B45EDA3F6926C767486 /* Pods-FutLife Swift.release.xcconfig */ = {isa = PBXFileReference; includeInIndex = 1; lastKnownFileType = text.xcconfig; name = "Pods-FutLife Swift.release.xcconfig"; path = "Pods/Target Support Files/Pods-FutLife Swift/Pods-FutLife Swift.release.xcconfig"; sourceTree = "<group>"; };
		FF5EECAB185C257486B8E1A9 /* Pods-FutLife.debug.xcconfig */ = {isa = PBXFileReference; includeInIndex = 1; lastKnownFileType = text.xcconfig; name = "Pods-FutLife.debug.xcconfig"; path = "Pods/Target Support Files/Pods-FutLife/Pods-FutLife.debug.xcconfig"; sourceTree = "<group>"; };
/* End PBXFileReference section */

/* Begin PBXFrameworksBuildPhase section */
		17F7B6511E73474D00578042 /* Frameworks */ = {
			isa = PBXFrameworksBuildPhase;
			buildActionMask = 2147483647;
			files = (
				B3DDC6BD67F21EAE4AC4C6F4 /* Pods_FutLife.framework in Frameworks */,
			);
			runOnlyForDeploymentPostprocessing = 0;
		};
		17F7B6651E73474D00578042 /* Frameworks */ = {
			isa = PBXFrameworksBuildPhase;
			buildActionMask = 2147483647;
			files = (
			);
			runOnlyForDeploymentPostprocessing = 0;
		};
		17F7B6701E73474D00578042 /* Frameworks */ = {
			isa = PBXFrameworksBuildPhase;
			buildActionMask = 2147483647;
			files = (
			);
			runOnlyForDeploymentPostprocessing = 0;
		};
/* End PBXFrameworksBuildPhase section */

/* Begin PBXGroup section */
		0ECDB07D4D43A7A64C11BB32 /* Pods */ = {
			isa = PBXGroup;
			children = (
				79140749D98EEF1DD7D66E57 /* Pods-FutLife Swift.debug.xcconfig */,
				C3599B45EDA3F6926C767486 /* Pods-FutLife Swift.release.xcconfig */,
				FF5EECAB185C257486B8E1A9 /* Pods-FutLife.debug.xcconfig */,
				1C32FB6C87B21B8000DA6626 /* Pods-FutLife.release.xcconfig */,
			);
			name = Pods;
			sourceTree = "<group>";
		};
		1701044A1EC02032002E6767 /* Models */ = {
			isa = PBXGroup;
			children = (
				170104541EC2A8CC002E6767 /* ConfigurationParameters.swift */,
				170104571EC2BAC3002E6767 /* Platform.swift */,
				170104591EC2BC80002E6767 /* Console.swift */,
				1701045B1EC2BC91002E6767 /* Game.swift */,
				173419281EC5676D003B2909 /* User.swift */,
				1734192A1EC568FD003B2909 /* Model.swift */,
			);
			name = Models;
			sourceTree = "<group>";
		};
		1701044B1EC0203E002E6767 /* Views */ = {
			isa = PBXGroup;
			children = (
				17363C881EDCC88D006888EE /* StartUp */,
			);
			name = Views;
			sourceTree = "<group>";
		};
		1701044C1EC02054002E6767 /* Api */ = {
			isa = PBXGroup;
			children = (
				170104501EC0232C002E6767 /* ApiRouter.swift */,
				1701045D1EC2C01C002E6767 /* ApiManager.swift */,
			);
			name = Api;
			sourceTree = "<group>";
		};
		1701044F1EC022D9002E6767 /* Common */ = {
			isa = PBXGroup;
			children = (
				179961551EF6286200853DB7 /* Extensions */,
				17363C8B1EF1FB1D006888EE /* Form */,
				1701044C1EC02054002E6767 /* Api */,
				170104521EC02398002E6767 /* Config.swift */,
				17363C941EF3B3A4006888EE /* Utils.swift */,
			);
			name = Common;
			sourceTree = "<group>";
		};
		170104561EC2BA57002E6767 /* Resources */ = {
			isa = PBXGroup;
			children = (
				1701045F1EC2C332002E6767 /* Info.plist */,
				17F7B65B1E73474D00578042 /* Main.storyboard */,
				17F7B65E1E73474D00578042 /* Assets.xcassets */,
				17F7B6601E73474D00578042 /* LaunchScreen.storyboard */,
				170104611EC2C4B5002E6767 /* Images.xcassets */,
			);
			name = Resources;
			sourceTree = "<group>";
		};
		17363C881EDCC88D006888EE /* StartUp */ = {
			isa = PBXGroup;
			children = (
			);
			name = StartUp;
			sourceTree = "<group>";
		};
		17363C8B1EF1FB1D006888EE /* Form */ = {
			isa = PBXGroup;
			children = (
				17363C8E1EF1FBA6006888EE /* FormViewController.swift */,
				17363C901EF20211006888EE /* InputFormManager.swift */,
				17363C921EF3A4D2006888EE /* TextField.swift */,
				179961531EF61BCC00853DB7 /* FieldValidations.swift */,
			);
			name = Form;
			sourceTree = "<group>";
		};
		179961551EF6286200853DB7 /* Extensions */ = {
			isa = PBXGroup;
			children = (
				179961561EF6292A00853DB7 /* String+Utils.swift */,
			);
			name = Extensions;
			sourceTree = "<group>";
		};
		179961581EF6DA8D00853DB7 /* Login */ = {
			isa = PBXGroup;
			children = (
				179961591EF6DAB600853DB7 /* LoginViewController.swift */,
			);
			name = Login;
			sourceTree = "<group>";
		};
		17E60A7A1E7359F5007D7CCD /* Controllers */ = {
			isa = PBXGroup;
			children = (
				179961581EF6DA8D00853DB7 /* Login */,
				17E60A7D1E735F9E007D7CCD /* StartUp */,
				17E678AF1EF6E6320001B9FB /* ViewController.swift */,
			);
			name = Controllers;
			sourceTree = "<group>";
		};
		17E60A7D1E735F9E007D7CCD /* StartUp */ = {
			isa = PBXGroup;
			children = (
				17E60A7E1E735FD2007D7CCD /* StartUpViewController.swift */,
				17E678AD1EF6E5C20001B9FB /* StartUpViewController.xib */,
			);
			name = StartUp;
			sourceTree = "<group>";
		};
		17F7B64B1E73474D00578042 = {
			isa = PBXGroup;
			children = (
				17F7B6561E73474D00578042 /* FutLife */,
				17F7B66B1E73474D00578042 /* FutLifeTests */,
				17F7B6761E73474D00578042 /* FutLifeUITests */,
				17F7B6551E73474D00578042 /* Products */,
				0ECDB07D4D43A7A64C11BB32 /* Pods */,
				7275184320D6405A87373ADF /* Frameworks */,
			);
			sourceTree = "<group>";
		};
		17F7B6551E73474D00578042 /* Products */ = {
			isa = PBXGroup;
			children = (
				17F7B6541E73474D00578042 /* FutLife.app */,
				17F7B6681E73474D00578042 /* FutLifeTests.xctest */,
				17F7B6731E73474D00578042 /* FutLifeUITests.xctest */,
			);
			name = Products;
			sourceTree = "<group>";
		};
		17F7B6561E73474D00578042 /* FutLife */ = {
			isa = PBXGroup;
			children = (
				1701044A1EC02032002E6767 /* Models */,
				1701044B1EC0203E002E6767 /* Views */,
				17E60A7A1E7359F5007D7CCD /* Controllers */,
				1701044F1EC022D9002E6767 /* Common */,
				170104561EC2BA57002E6767 /* Resources */,
				17F7B6571E73474D00578042 /* AppDelegate.swift */,
			);
			path = FutLife;
			sourceTree = "<group>";
		};
		17F7B66B1E73474D00578042 /* FutLifeTests */ = {
			isa = PBXGroup;
			children = (
				17F7B66C1E73474D00578042 /* FutLifeTests.swift */,
				17F7B66E1E73474D00578042 /* Info.plist */,
			);
			path = FutLifeTests;
			sourceTree = "<group>";
		};
		17F7B6761E73474D00578042 /* FutLifeUITests */ = {
			isa = PBXGroup;
			children = (
				17F7B6771E73474D00578042 /* FutLifeUITests.swift */,
				17F7B6791E73474D00578042 /* Info.plist */,
			);
			path = FutLifeUITests;
			sourceTree = "<group>";
		};
		7275184320D6405A87373ADF /* Frameworks */ = {
			isa = PBXGroup;
			children = (
				8EAB5FABE53C032C619AD16D /* Pods_FutLife_Swift.framework */,
				54E972938F4543AFEC752E34 /* Pods_FutLife.framework */,
			);
			name = Frameworks;
			sourceTree = "<group>";
		};
/* End PBXGroup section */

/* Begin PBXNativeTarget section */
		17F7B6531E73474D00578042 /* FutLife */ = {
			isa = PBXNativeTarget;
			buildConfigurationList = 17F7B67C1E73474D00578042 /* Build configuration list for PBXNativeTarget "FutLife" */;
			buildPhases = (
				415CE6E6BBAE11C50CE5979E /* [CP] Check Pods Manifest.lock */,
				17F7B6501E73474D00578042 /* Sources */,
				17F7B6511E73474D00578042 /* Frameworks */,
				17F7B6521E73474D00578042 /* Resources */,
				A7CB57F1D0714F4DE0528383 /* [CP] Embed Pods Frameworks */,
				C8CFDA223DB8E542A9FD19DC /* [CP] Copy Pods Resources */,
			);
			buildRules = (
			);
			dependencies = (
			);
			name = FutLife;
			productName = "FutLife Swift";
			productReference = 17F7B6541E73474D00578042 /* FutLife.app */;
			productType = "com.apple.product-type.application";
		};
		17F7B6671E73474D00578042 /* FutLifeTests */ = {
			isa = PBXNativeTarget;
			buildConfigurationList = 17F7B67F1E73474D00578042 /* Build configuration list for PBXNativeTarget "FutLifeTests" */;
			buildPhases = (
				17F7B6641E73474D00578042 /* Sources */,
				17F7B6651E73474D00578042 /* Frameworks */,
				17F7B6661E73474D00578042 /* Resources */,
			);
			buildRules = (
			);
			dependencies = (
				17F7B66A1E73474D00578042 /* PBXTargetDependency */,
			);
			name = FutLifeTests;
			productName = "FutLife SwiftTests";
			productReference = 17F7B6681E73474D00578042 /* FutLifeTests.xctest */;
			productType = "com.apple.product-type.bundle.unit-test";
		};
		17F7B6721E73474D00578042 /* FutLifeUITests */ = {
			isa = PBXNativeTarget;
			buildConfigurationList = 17F7B6821E73474D00578042 /* Build configuration list for PBXNativeTarget "FutLifeUITests" */;
			buildPhases = (
				17F7B66F1E73474D00578042 /* Sources */,
				17F7B6701E73474D00578042 /* Frameworks */,
				17F7B6711E73474D00578042 /* Resources */,
			);
			buildRules = (
			);
			dependencies = (
				17F7B6751E73474D00578042 /* PBXTargetDependency */,
			);
			name = FutLifeUITests;
			productName = "FutLife SwiftUITests";
			productReference = 17F7B6731E73474D00578042 /* FutLifeUITests.xctest */;
			productType = "com.apple.product-type.bundle.ui-testing";
		};
/* End PBXNativeTarget section */

/* Begin PBXProject section */
		17F7B64C1E73474D00578042 /* Project object */ = {
			isa = PBXProject;
			attributes = {
				LastSwiftUpdateCheck = 0820;
				LastUpgradeCheck = 0820;
				ORGANIZATIONNAME = "IdeamosWeb S.A.S";
				TargetAttributes = {
					17F7B6531E73474D00578042 = {
						CreatedOnToolsVersion = 8.2.1;
						LastSwiftMigration = 0830;
						ProvisioningStyle = Manual;
					};
					17F7B6671E73474D00578042 = {
						CreatedOnToolsVersion = 8.2.1;
						DevelopmentTeam = 27P587N5XD;
						LastSwiftMigration = 0830;
						ProvisioningStyle = Automatic;
						TestTargetID = 17F7B6531E73474D00578042;
					};
					17F7B6721E73474D00578042 = {
						CreatedOnToolsVersion = 8.2.1;
						DevelopmentTeam = 27P587N5XD;
						LastSwiftMigration = 0830;
						ProvisioningStyle = Automatic;
						TestTargetID = 17F7B6531E73474D00578042;
					};
				};
			};
			buildConfigurationList = 17F7B64F1E73474D00578042 /* Build configuration list for PBXProject "FutLife" */;
			compatibilityVersion = "Xcode 3.2";
			developmentRegion = English;
			hasScannedForEncodings = 0;
			knownRegions = (
				en,
				Base,
			);
			mainGroup = 17F7B64B1E73474D00578042;
			productRefGroup = 17F7B6551E73474D00578042 /* Products */;
			projectDirPath = "";
			projectRoot = "";
			targets = (
				17F7B6531E73474D00578042 /* FutLife */,
				17F7B6671E73474D00578042 /* FutLifeTests */,
				17F7B6721E73474D00578042 /* FutLifeUITests */,
			);
		};
/* End PBXProject section */

/* Begin PBXResourcesBuildPhase section */
		17F7B6521E73474D00578042 /* Resources */ = {
			isa = PBXResourcesBuildPhase;
			buildActionMask = 2147483647;
			files = (
				17E678AE1EF6E5C20001B9FB /* StartUpViewController.xib in Resources */,
				17E678AC1EF6E4860001B9FB /* LaunchScreen.storyboard in Resources */,
				17E678AB1EF6E47E0001B9FB /* Main.storyboard in Resources */,
				17E678AA1EF6E43C0001B9FB /* Assets.xcassets in Resources */,
				17E678A91EF6E41F0001B9FB /* Images.xcassets in Resources */,
			);
			runOnlyForDeploymentPostprocessing = 0;
		};
		17F7B6661E73474D00578042 /* Resources */ = {
			isa = PBXResourcesBuildPhase;
			buildActionMask = 2147483647;
			files = (
			);
			runOnlyForDeploymentPostprocessing = 0;
		};
		17F7B6711E73474D00578042 /* Resources */ = {
			isa = PBXResourcesBuildPhase;
			buildActionMask = 2147483647;
			files = (
			);
			runOnlyForDeploymentPostprocessing = 0;
		};
/* End PBXResourcesBuildPhase section */

/* Begin PBXShellScriptBuildPhase section */
		415CE6E6BBAE11C50CE5979E /* [CP] Check Pods Manifest.lock */ = {
			isa = PBXShellScriptBuildPhase;
			buildActionMask = 2147483647;
			files = (
			);
			inputPaths = (
			);
			name = "[CP] Check Pods Manifest.lock";
			outputPaths = (
			);
			runOnlyForDeploymentPostprocessing = 0;
			shellPath = /bin/sh;
			shellScript = "diff \"${PODS_PODFILE_DIR_PATH}/Podfile.lock\" \"${PODS_ROOT}/Manifest.lock\" > /dev/null\nif [ $? != 0 ] ; then\n    # print error to STDERR\n    echo \"error: The sandbox is not in sync with the Podfile.lock. Run 'pod install' or update your CocoaPods installation.\" >&2\n    exit 1\nfi\n";
			showEnvVarsInLog = 0;
		};
		A7CB57F1D0714F4DE0528383 /* [CP] Embed Pods Frameworks */ = {
			isa = PBXShellScriptBuildPhase;
			buildActionMask = 2147483647;
			files = (
			);
			inputPaths = (
			);
			name = "[CP] Embed Pods Frameworks";
			outputPaths = (
			);
			runOnlyForDeploymentPostprocessing = 0;
			shellPath = /bin/sh;
			shellScript = "\"${SRCROOT}/Pods/Target Support Files/Pods-FutLife/Pods-FutLife-frameworks.sh\"\n";
			showEnvVarsInLog = 0;
		};
		C8CFDA223DB8E542A9FD19DC /* [CP] Copy Pods Resources */ = {
			isa = PBXShellScriptBuildPhase;
			buildActionMask = 2147483647;
			files = (
			);
			inputPaths = (
			);
			name = "[CP] Copy Pods Resources";
			outputPaths = (
			);
			runOnlyForDeploymentPostprocessing = 0;
			shellPath = /bin/sh;
			shellScript = "\"${SRCROOT}/Pods/Target Support Files/Pods-FutLife/Pods-FutLife-resources.sh\"\n";
			showEnvVarsInLog = 0;
		};
/* End PBXShellScriptBuildPhase section */

/* Begin PBXSourcesBuildPhase section */
		17F7B6501E73474D00578042 /* Sources */ = {
			isa = PBXSourcesBuildPhase;
			buildActionMask = 2147483647;
			files = (
				170104581EC2BAC3002E6767 /* Platform.swift in Sources */,
				17E678B01EF6E6320001B9FB /* ViewController.swift in Sources */,
				1701045C1EC2BC91002E6767 /* Game.swift in Sources */,
				1701045E1EC2C01C002E6767 /* ApiManager.swift in Sources */,
				179961541EF61BCC00853DB7 /* FieldValidations.swift in Sources */,
				1799615A1EF6DAB600853DB7 /* LoginViewController.swift in Sources */,
				17363C931EF3A4D2006888EE /* TextField.swift in Sources */,
				1734192B1EC568FD003B2909 /* Model.swift in Sources */,
				17363C911EF20211006888EE /* InputFormManager.swift in Sources */,
				17E60A7F1E735FD2007D7CCD /* StartUpViewController.swift in Sources */,
				17363C951EF3B3A4006888EE /* Utils.swift in Sources */,
				1701045A1EC2BC80002E6767 /* Console.swift in Sources */,
				170104551EC2A8CC002E6767 /* ConfigurationParameters.swift in Sources */,
				170104511EC0232C002E6767 /* ApiRouter.swift in Sources */,
				17F7B6581E73474D00578042 /* AppDelegate.swift in Sources */,
				179961571EF6292A00853DB7 /* String+Utils.swift in Sources */,
				170104531EC02398002E6767 /* Config.swift in Sources */,
				173419291EC5676D003B2909 /* User.swift in Sources */,
				17363C8F1EF1FBA6006888EE /* FormViewController.swift in Sources */,
			);
			runOnlyForDeploymentPostprocessing = 0;
		};
		17F7B6641E73474D00578042 /* Sources */ = {
			isa = PBXSourcesBuildPhase;
			buildActionMask = 2147483647;
			files = (
				17F7B66D1E73474D00578042 /* FutLifeTests.swift in Sources */,
			);
			runOnlyForDeploymentPostprocessing = 0;
		};
		17F7B66F1E73474D00578042 /* Sources */ = {
			isa = PBXSourcesBuildPhase;
			buildActionMask = 2147483647;
			files = (
				17F7B6781E73474D00578042 /* FutLifeUITests.swift in Sources */,
			);
			runOnlyForDeploymentPostprocessing = 0;
		};
/* End PBXSourcesBuildPhase section */

/* Begin PBXTargetDependency section */
		17F7B66A1E73474D00578042 /* PBXTargetDependency */ = {
			isa = PBXTargetDependency;
			target = 17F7B6531E73474D00578042 /* FutLife */;
			targetProxy = 17F7B6691E73474D00578042 /* PBXContainerItemProxy */;
		};
		17F7B6751E73474D00578042 /* PBXTargetDependency */ = {
			isa = PBXTargetDependency;
			target = 17F7B6531E73474D00578042 /* FutLife */;
			targetProxy = 17F7B6741E73474D00578042 /* PBXContainerItemProxy */;
		};
/* End PBXTargetDependency section */

/* Begin PBXVariantGroup section */
		17F7B65B1E73474D00578042 /* Main.storyboard */ = {
			isa = PBXVariantGroup;
			children = (
				17F7B65C1E73474D00578042 /* Base */,
			);
			name = Main.storyboard;
			sourceTree = "<group>";
		};
		17F7B6601E73474D00578042 /* LaunchScreen.storyboard */ = {
			isa = PBXVariantGroup;
			children = (
				17F7B6611E73474D00578042 /* Base */,
			);
			name = LaunchScreen.storyboard;
			sourceTree = "<group>";
		};
/* End PBXVariantGroup section */

/* Begin XCBuildConfiguration section */
		17F7B67A1E73474D00578042 /* Debug */ = {
			isa = XCBuildConfiguration;
			buildSettings = {
				ALWAYS_SEARCH_USER_PATHS = NO;
				CLANG_ANALYZER_NONNULL = YES;
				CLANG_CXX_LANGUAGE_STANDARD = "gnu++0x";
				CLANG_CXX_LIBRARY = "libc++";
				CLANG_ENABLE_MODULES = YES;
				CLANG_ENABLE_OBJC_ARC = YES;
				CLANG_WARN_BOOL_CONVERSION = YES;
				CLANG_WARN_CONSTANT_CONVERSION = YES;
				CLANG_WARN_DIRECT_OBJC_ISA_USAGE = YES_ERROR;
				CLANG_WARN_DOCUMENTATION_COMMENTS = YES;
				CLANG_WARN_EMPTY_BODY = YES;
				CLANG_WARN_ENUM_CONVERSION = YES;
				CLANG_WARN_INFINITE_RECURSION = YES;
				CLANG_WARN_INT_CONVERSION = YES;
				CLANG_WARN_OBJC_ROOT_CLASS = YES_ERROR;
				CLANG_WARN_SUSPICIOUS_MOVE = YES;
				CLANG_WARN_UNREACHABLE_CODE = YES;
				CLANG_WARN__DUPLICATE_METHOD_MATCH = YES;
				"CODE_SIGN_IDENTITY[sdk=iphoneos*]" = "iPhone Developer";
				COPY_PHASE_STRIP = NO;
				DEBUG_INFORMATION_FORMAT = dwarf;
				ENABLE_STRICT_OBJC_MSGSEND = YES;
				ENABLE_TESTABILITY = YES;
				GCC_C_LANGUAGE_STANDARD = gnu99;
				GCC_DYNAMIC_NO_PIC = NO;
				GCC_NO_COMMON_BLOCKS = YES;
				GCC_OPTIMIZATION_LEVEL = 0;
				GCC_PREPROCESSOR_DEFINITIONS = (
					"DEBUG=1",
					"$(inherited)",
				);
				GCC_WARN_64_TO_32_BIT_CONVERSION = YES;
				GCC_WARN_ABOUT_RETURN_TYPE = YES_ERROR;
				GCC_WARN_UNDECLARED_SELECTOR = YES;
				GCC_WARN_UNINITIALIZED_AUTOS = YES_AGGRESSIVE;
				GCC_WARN_UNUSED_FUNCTION = YES;
				GCC_WARN_UNUSED_VARIABLE = YES;
				IPHONEOS_DEPLOYMENT_TARGET = 10.2;
				MTL_ENABLE_DEBUG_INFO = YES;
				ONLY_ACTIVE_ARCH = YES;
				SDKROOT = iphoneos;
				SWIFT_ACTIVE_COMPILATION_CONDITIONS = DEBUG;
				SWIFT_OPTIMIZATION_LEVEL = "-Onone";
			};
			name = Debug;
		};
		17F7B67B1E73474D00578042 /* Release */ = {
			isa = XCBuildConfiguration;
			buildSettings = {
				ALWAYS_SEARCH_USER_PATHS = NO;
				CLANG_ANALYZER_NONNULL = YES;
				CLANG_CXX_LANGUAGE_STANDARD = "gnu++0x";
				CLANG_CXX_LIBRARY = "libc++";
				CLANG_ENABLE_MODULES = YES;
				CLANG_ENABLE_OBJC_ARC = YES;
				CLANG_WARN_BOOL_CONVERSION = YES;
				CLANG_WARN_CONSTANT_CONVERSION = YES;
				CLANG_WARN_DIRECT_OBJC_ISA_USAGE = YES_ERROR;
				CLANG_WARN_DOCUMENTATION_COMMENTS = YES;
				CLANG_WARN_EMPTY_BODY = YES;
				CLANG_WARN_ENUM_CONVERSION = YES;
				CLANG_WARN_INFINITE_RECURSION = YES;
				CLANG_WARN_INT_CONVERSION = YES;
				CLANG_WARN_OBJC_ROOT_CLASS = YES_ERROR;
				CLANG_WARN_SUSPICIOUS_MOVE = YES;
				CLANG_WARN_UNREACHABLE_CODE = YES;
				CLANG_WARN__DUPLICATE_METHOD_MATCH = YES;
				"CODE_SIGN_IDENTITY[sdk=iphoneos*]" = "iPhone Developer";
				COPY_PHASE_STRIP = NO;
				DEBUG_INFORMATION_FORMAT = "dwarf-with-dsym";
				ENABLE_NS_ASSERTIONS = NO;
				ENABLE_STRICT_OBJC_MSGSEND = YES;
				GCC_C_LANGUAGE_STANDARD = gnu99;
				GCC_NO_COMMON_BLOCKS = YES;
				GCC_WARN_64_TO_32_BIT_CONVERSION = YES;
				GCC_WARN_ABOUT_RETURN_TYPE = YES_ERROR;
				GCC_WARN_UNDECLARED_SELECTOR = YES;
				GCC_WARN_UNINITIALIZED_AUTOS = YES_AGGRESSIVE;
				GCC_WARN_UNUSED_FUNCTION = YES;
				GCC_WARN_UNUSED_VARIABLE = YES;
				IPHONEOS_DEPLOYMENT_TARGET = 10.2;
				MTL_ENABLE_DEBUG_INFO = NO;
				SDKROOT = iphoneos;
				SWIFT_OPTIMIZATION_LEVEL = "-Owholemodule";
				VALIDATE_PRODUCT = YES;
			};
			name = Release;
		};
		17F7B67D1E73474D00578042 /* Debug */ = {
			isa = XCBuildConfiguration;
			baseConfigurationReference = FF5EECAB185C257486B8E1A9 /* Pods-FutLife.debug.xcconfig */;
			buildSettings = {
				ASSETCATALOG_COMPILER_APPICON_NAME = AppIcon;
				ASSETCATALOG_COMPILER_LAUNCHIMAGE_NAME = LaunchImage;
				DEVELOPMENT_TEAM = "";
				INFOPLIST_FILE = "$(SRCROOT)/FutLife/Resources/Info.plist";
				LD_RUNPATH_SEARCH_PATHS = "$(inherited) @executable_path/Frameworks";
				PRODUCT_BUNDLE_IDENTIFIER = "com.ideamosWeb.FutLife-Swift";
				PRODUCT_NAME = "$(TARGET_NAME)";
				PROVISIONING_PROFILE_SPECIFIER = "";
				SWIFT_VERSION = 3.0;
			};
			name = Debug;
		};
		17F7B67E1E73474D00578042 /* Release */ = {
			isa = XCBuildConfiguration;
			baseConfigurationReference = 1C32FB6C87B21B8000DA6626 /* Pods-FutLife.release.xcconfig */;
			buildSettings = {
				ASSETCATALOG_COMPILER_APPICON_NAME = AppIcon;
				ASSETCATALOG_COMPILER_LAUNCHIMAGE_NAME = LaunchImage;
				DEVELOPMENT_TEAM = "";
				INFOPLIST_FILE = "$(SRCROOT)/FutLife/Resources/Info.plist";
				LD_RUNPATH_SEARCH_PATHS = "$(inherited) @executable_path/Frameworks";
				PRODUCT_BUNDLE_IDENTIFIER = "com.ideamosWeb.FutLife-Swift";
				PRODUCT_NAME = "$(TARGET_NAME)";
				PROVISIONING_PROFILE_SPECIFIER = "";
				SWIFT_VERSION = 3.0;
			};
			name = Release;
		};
		17F7B6801E73474D00578042 /* Debug */ = {
			isa = XCBuildConfiguration;
			buildSettings = {
				ALWAYS_EMBED_SWIFT_STANDARD_LIBRARIES = YES;
				BUNDLE_LOADER = "$(TEST_HOST)";
				DEVELOPMENT_TEAM = 27P587N5XD;
				INFOPLIST_FILE = "FutLife SwiftTests/Info.plist";
				LD_RUNPATH_SEARCH_PATHS = "$(inherited) @executable_path/Frameworks @loader_path/Frameworks";
				PRODUCT_BUNDLE_IDENTIFIER = "com.ideamosWeb.FutLife-Swift.FutLife-SwiftTests";
				PRODUCT_NAME = "$(TARGET_NAME)";
				SWIFT_VERSION = 3.0;
				TEST_HOST = "$(BUILT_PRODUCTS_DIR)/FutLife.app/FutLife";
			};
			name = Debug;
		};
		17F7B6811E73474D00578042 /* Release */ = {
			isa = XCBuildConfiguration;
			buildSettings = {
				ALWAYS_EMBED_SWIFT_STANDARD_LIBRARIES = YES;
				BUNDLE_LOADER = "$(TEST_HOST)";
				DEVELOPMENT_TEAM = 27P587N5XD;
				INFOPLIST_FILE = "FutLife SwiftTests/Info.plist";
				LD_RUNPATH_SEARCH_PATHS = "$(inherited) @executable_path/Frameworks @loader_path/Frameworks";
				PRODUCT_BUNDLE_IDENTIFIER = "com.ideamosWeb.FutLife-Swift.FutLife-SwiftTests";
				PRODUCT_NAME = "$(TARGET_NAME)";
				SWIFT_VERSION = 3.0;
				TEST_HOST = "$(BUILT_PRODUCTS_DIR)/FutLife.app/FutLife";
			};
			name = Release;
		};
		17F7B6831E73474D00578042 /* Debug */ = {
			isa = XCBuildConfiguration;
			buildSettings = {
				ALWAYS_EMBED_SWIFT_STANDARD_LIBRARIES = YES;
				DEVELOPMENT_TEAM = 27P587N5XD;
				INFOPLIST_FILE = "FutLife SwiftUITests/Info.plist";
				LD_RUNPATH_SEARCH_PATHS = "$(inherited) @executable_path/Frameworks @loader_path/Frameworks";
				PRODUCT_BUNDLE_IDENTIFIER = "com.ideamosWeb.FutLife-Swift.FutLife-SwiftUITests";
				PRODUCT_NAME = "$(TARGET_NAME)";
				SWIFT_VERSION = 3.0;
				TEST_TARGET_NAME = "FutLife Swift";
			};
			name = Debug;
		};
		17F7B6841E73474D00578042 /* Release */ = {
			isa = XCBuildConfiguration;
			buildSettings = {
				ALWAYS_EMBED_SWIFT_STANDARD_LIBRARIES = YES;
				DEVELOPMENT_TEAM = 27P587N5XD;
				INFOPLIST_FILE = "FutLife SwiftUITests/Info.plist";
				LD_RUNPATH_SEARCH_PATHS = "$(inherited) @executable_path/Frameworks @loader_path/Frameworks";
				PRODUCT_BUNDLE_IDENTIFIER = "com.ideamosWeb.FutLife-Swift.FutLife-SwiftUITests";
				PRODUCT_NAME = "$(TARGET_NAME)";
				SWIFT_VERSION = 3.0;
				TEST_TARGET_NAME = "FutLife Swift";
			};
			name = Release;
		};
/* End XCBuildConfiguration section */

/* Begin XCConfigurationList section */
		17F7B64F1E73474D00578042 /* Build configuration list for PBXProject "FutLife" */ = {
			isa = XCConfigurationList;
			buildConfigurations = (
				17F7B67A1E73474D00578042 /* Debug */,
				17F7B67B1E73474D00578042 /* Release */,
			);
			defaultConfigurationIsVisible = 0;
			defaultConfigurationName = Release;
		};
		17F7B67C1E73474D00578042 /* Build configuration list for PBXNativeTarget "FutLife" */ = {
			isa = XCConfigurationList;
			buildConfigurations = (
				17F7B67D1E73474D00578042 /* Debug */,
				17F7B67E1E73474D00578042 /* Release */,
			);
			defaultConfigurationIsVisible = 0;
			defaultConfigurationName = Release;
		};
		17F7B67F1E73474D00578042 /* Build configuration list for PBXNativeTarget "FutLifeTests" */ = {
			isa = XCConfigurationList;
			buildConfigurations = (
				17F7B6801E73474D00578042 /* Debug */,
				17F7B6811E73474D00578042 /* Release */,
			);
			defaultConfigurationIsVisible = 0;
			defaultConfigurationName = Release;
		};
		17F7B6821E73474D00578042 /* Build configuration list for PBXNativeTarget "FutLifeUITests" */ = {
			isa = XCConfigurationList;
			buildConfigurations = (
				17F7B6831E73474D00578042 /* Debug */,
				17F7B6841E73474D00578042 /* Release */,
			);
			defaultConfigurationIsVisible = 0;
			defaultConfigurationName = Release;
		};
/* End XCConfigurationList section */
	};
	rootObject = 17F7B64C1E73474D00578042 /* Project object */;
}
